// !$*UTF8*$!
{
	archiveVersion = 1;
	classes = {
	};
	objectVersion = 46;
	objects = {

/* Begin PBXBuildFile section */
		9402273C14C167260036A676 /* CommitFile.m in Sources */ = {isa = PBXBuildFile; fileRef = 9402273B14C167260036A676 /* CommitFile.m */; };
		9402274214C1A1140036A676 /* FileDiffViewController.m in Sources */ = {isa = PBXBuildFile; fileRef = 9402274014C1A1140036A676 /* FileDiffViewController.m */; };
		9402274314C1A1140036A676 /* FileDiffViewController.xib in Resources */ = {isa = PBXBuildFile; fileRef = 9402274114C1A1140036A676 /* FileDiffViewController.xib */; };
		9404B4FC150CB38E0077BA8E /* UITableViewCell+CommitFile.m in Sources */ = {isa = PBXBuildFile; fileRef = 9404B4FB150CB38E0077BA8E /* UITableViewCell+CommitFile.m */; };
		9404B500150CE6F70077BA8E /* UITableViewCell+PullRequest.m in Sources */ = {isa = PBXBuildFile; fileRef = 9404B4FF150CE6F70077BA8E /* UITableViewCell+PullRequest.m */; };
		941FCF8A150E18A10046F72F /* Icon.png in Resources */ = {isa = PBXBuildFile; fileRef = 941FCF89150E18A10046F72F /* Icon.png */; };
		941FCF8C150E1A5C0046F72F /* Icon@2x.png in Resources */ = {isa = PBXBuildFile; fileRef = 941FCF8B150E1A5C0046F72F /* Icon@2x.png */; };
		941FCF94150EAD1A0046F72F /* PullRequestRootViewController.m in Sources */ = {isa = PBXBuildFile; fileRef = 941FCF92150EAD1A0046F72F /* PullRequestRootViewController.m */; };
		941FCF95150EAD1A0046F72F /* PullRequestRootViewController.xib in Resources */ = {isa = PBXBuildFile; fileRef = 941FCF93150EAD1A0046F72F /* PullRequestRootViewController.xib */; };
		941FCF991510980E0046F72F /* PullRequestReviewTableViewController.m in Sources */ = {isa = PBXBuildFile; fileRef = 941FCF981510980E0046F72F /* PullRequestReviewTableViewController.m */; };
		942130C414B455C000969D38 /* NetworkProxy.m in Sources */ = {isa = PBXBuildFile; fileRef = 942130BF14B455C000969D38 /* NetworkProxy.m */; };
		942130C514B455C000969D38 /* RepoBrowserTableViewController.m in Sources */ = {isa = PBXBuildFile; fileRef = 942130C114B455C000969D38 /* RepoBrowserTableViewController.m */; };
		942130C614B455C000969D38 /* Repository.m in Sources */ = {isa = PBXBuildFile; fileRef = 942130C314B455C000969D38 /* Repository.m */; };
		942130C914B4584B00969D38 /* RepoBrowserTableViewController.xib in Resources */ = {isa = PBXBuildFile; fileRef = 942130C814B4584B00969D38 /* RepoBrowserTableViewController.xib */; };
		9424DE5214B9D97300B6538E /* SettingsViewController.m in Sources */ = {isa = PBXBuildFile; fileRef = 9424DE5014B9D97300B6538E /* SettingsViewController.m */; };
		9424DE5314B9D97300B6538E /* SettingsViewController.xib in Resources */ = {isa = PBXBuildFile; fileRef = 9424DE5114B9D97300B6538E /* SettingsViewController.xib */; };
		9424DE5614B9FEDF00B6538E /* Settings.m in Sources */ = {isa = PBXBuildFile; fileRef = 9424DE5514B9FEDF00B6538E /* Settings.m */; };
		942CBD6014B5A1B80047F712 /* Tree.m in Sources */ = {isa = PBXBuildFile; fileRef = 942CBD5F14B5A1B80047F712 /* Tree.m */; };
		942CBD6414B607990047F712 /* Blob.m in Sources */ = {isa = PBXBuildFile; fileRef = 942CBD6314B607990047F712 /* Blob.m */; };
		942CBD6814B6116A0047F712 /* BlobViewController.m in Sources */ = {isa = PBXBuildFile; fileRef = 942CBD6614B6116A0047F712 /* BlobViewController.m */; };
		942CBD6914B6116A0047F712 /* BlobViewController.xib in Resources */ = {isa = PBXBuildFile; fileRef = 942CBD6714B6116A0047F712 /* BlobViewController.xib */; };
		9435DC2414C935D800E0B15B /* CommitHistoryList.m in Sources */ = {isa = PBXBuildFile; fileRef = 9435DC2314C935D800E0B15B /* CommitHistoryList.m */; };
		94435C1114B772BB0037CF87 /* BranchesBrowserViewController.m in Sources */ = {isa = PBXBuildFile; fileRef = 94435C0F14B772BB0037CF87 /* BranchesBrowserViewController.m */; };
		94435C1214B772BB0037CF87 /* BranchesBrowserViewController.xib in Resources */ = {isa = PBXBuildFile; fileRef = 94435C1014B772BB0037CF87 /* BranchesBrowserViewController.xib */; };
		9445E35B14B6198300BB929C /* NSData+Base64.m in Sources */ = {isa = PBXBuildFile; fileRef = 9445E35A14B6198300BB929C /* NSData+Base64.m */; };
		944D6662151FBEDB002208FB /* PersonViewController.m in Sources */ = {isa = PBXBuildFile; fileRef = 944D6661151FBEDB002208FB /* PersonViewController.m */; };
		944D6664151FC034002208FB /* PersonViewController.xib in Resources */ = {isa = PBXBuildFile; fileRef = 944D6663151FC034002208FB /* PersonViewController.xib */; };
		945271BB14D5813B00F5610D /* UIRepositoryRootViewController.m in Sources */ = {isa = PBXBuildFile; fileRef = 945271B914D5813B00F5610D /* UIRepositoryRootViewController.m */; };
		945271BC14D5813B00F5610D /* UIRepositoryRootViewController.xib in Resources */ = {isa = PBXBuildFile; fileRef = 945271BA14D5813B00F5610D /* UIRepositoryRootViewController.xib */; };
		945271C614D74A3100F5610D /* UITreeRootViewController.m in Sources */ = {isa = PBXBuildFile; fileRef = 945271C414D74A3100F5610D /* UITreeRootViewController.m */; };
		945271C714D74A3100F5610D /* UITreeRootViewController.xib in Resources */ = {isa = PBXBuildFile; fileRef = 945271C514D74A3100F5610D /* UITreeRootViewController.xib */; };
		945C25F614E86D6F00479D21 /* HistoryList.m in Sources */ = {isa = PBXBuildFile; fileRef = 945C25F514E86D6F00479D21 /* HistoryList.m */; };
		945FE31E14B866F60099FD84 /* StringQueue.m in Sources */ = {isa = PBXBuildFile; fileRef = 945FE31D14B866F60099FD84 /* StringQueue.m */; };
		946045E71512465000C2E44D /* PullRequestCommentViewController.xib in Resources */ = {isa = PBXBuildFile; fileRef = 946045E61512465000C2E44D /* PullRequestCommentViewController.xib */; };
		9466DBD414B7ACCD00238151 /* Branch.m in Sources */ = {isa = PBXBuildFile; fileRef = 9466DBD314B7ACCD00238151 /* Branch.m */; };
		9466DBD914B7B77800238151 /* BranchViewController.m in Sources */ = {isa = PBXBuildFile; fileRef = 9466DBD714B7B77800238151 /* BranchViewController.m */; };
		9466DBDA14B7B77800238151 /* BranchViewController.xib in Resources */ = {isa = PBXBuildFile; fileRef = 9466DBD814B7B77800238151 /* BranchViewController.xib */; };
		946CB2A714B4651700BBFDAD /* Person.m in Sources */ = {isa = PBXBuildFile; fileRef = 946CB2A614B4651700BBFDAD /* Person.m */; };
		946CB2AB14B4796000BBFDAD /* Commit.m in Sources */ = {isa = PBXBuildFile; fileRef = 946CB2AA14B4796000BBFDAD /* Commit.m */; };
		946CB2AF14B48E6000BBFDAD /* TreeViewController.m in Sources */ = {isa = PBXBuildFile; fileRef = 946CB2AD14B48E6000BBFDAD /* TreeViewController.m */; };
		946CB2B014B48E6000BBFDAD /* TreeViewController.xib in Resources */ = {isa = PBXBuildFile; fileRef = 946CB2AE14B48E6000BBFDAD /* TreeViewController.xib */; };
		9491EE3E151658550050C424 /* PullToRefreshTableViewController.m in Sources */ = {isa = PBXBuildFile; fileRef = 9491EE3D151658550050C424 /* PullToRefreshTableViewController.m */; };
		949DB8D014F1522D000BE743 /* RepositoryStorage.m in Sources */ = {isa = PBXBuildFile; fileRef = 949DB8CF14F1522D000BE743 /* RepositoryStorage.m */; };
		949F5071151E4EF5009D5DC3 /* NSString+ISO8601Parsing.m in Sources */ = {isa = PBXBuildFile; fileRef = 949F5070151E4EF5009D5DC3 /* NSString+ISO8601Parsing.m */; };
		949FB13414B3327800D3E713 /* UIKit.framework in Frameworks */ = {isa = PBXBuildFile; fileRef = 949FB13314B3327800D3E713 /* UIKit.framework */; };
		949FB13614B3327800D3E713 /* Foundation.framework in Frameworks */ = {isa = PBXBuildFile; fileRef = 949FB13514B3327800D3E713 /* Foundation.framework */; };
		949FB13814B3327800D3E713 /* CoreGraphics.framework in Frameworks */ = {isa = PBXBuildFile; fileRef = 949FB13714B3327800D3E713 /* CoreGraphics.framework */; };
		949FB13E14B3327800D3E713 /* InfoPlist.strings in Resources */ = {isa = PBXBuildFile; fileRef = 949FB13C14B3327800D3E713 /* InfoPlist.strings */; };
		949FB14014B3327800D3E713 /* main.m in Sources */ = {isa = PBXBuildFile; fileRef = 949FB13F14B3327800D3E713 /* main.m */; };
		949FB14414B3327800D3E713 /* AppDelegate.m in Sources */ = {isa = PBXBuildFile; fileRef = 949FB14314B3327800D3E713 /* AppDelegate.m */; };
		949FB14914B3327800D3E713 /* first.png in Resources */ = {isa = PBXBuildFile; fileRef = 949FB14814B3327800D3E713 /* first.png */; };
		949FB14B14B3327800D3E713 /* first@2x.png in Resources */ = {isa = PBXBuildFile; fileRef = 949FB14A14B3327800D3E713 /* first@2x.png */; };
		949FB15014B3327800D3E713 /* second.png in Resources */ = {isa = PBXBuildFile; fileRef = 949FB14F14B3327800D3E713 /* second.png */; };
		949FB15214B3327800D3E713 /* second@2x.png in Resources */ = {isa = PBXBuildFile; fileRef = 949FB15114B3327800D3E713 /* second@2x.png */; };
		94A12FD914BB972A00453774 /* CommitViewController.m in Sources */ = {isa = PBXBuildFile; fileRef = 94A12FD714BB972A00453774 /* CommitViewController.m */; };
		94A12FDA14BB972A00453774 /* CommitViewController.xib in Resources */ = {isa = PBXBuildFile; fileRef = 94A12FD814BB972A00453774 /* CommitViewController.xib */; };
		94B0CE9E14DEE31E005F787C /* gravatar-orgs.png in Resources */ = {isa = PBXBuildFile; fileRef = 94B0CE9D14DEE31E005F787C /* gravatar-orgs.png */; };
		94B9880814B72986007AA6A6 /* RepositoryViewController.m in Sources */ = {isa = PBXBuildFile; fileRef = 94B9880614B72986007AA6A6 /* RepositoryViewController.m */; };
		94B9880914B72986007AA6A6 /* RepositoryViewController.xib in Resources */ = {isa = PBXBuildFile; fileRef = 94B9880714B72986007AA6A6 /* RepositoryViewController.xib */; };
		94BCF2D0150A7050005EA1BD /* PullRequest.m in Sources */ = {isa = PBXBuildFile; fileRef = 94BCF2CF150A7050005EA1BD /* PullRequest.m */; };
		94BCF2D4150A7375005EA1BD /* PullRequestListTableViewController.m in Sources */ = {isa = PBXBuildFile; fileRef = 94BCF2D2150A7375005EA1BD /* PullRequestListTableViewController.m */; };
		94BCF2E1150B5430005EA1BD /* PullRequestTableViewController.m in Sources */ = {isa = PBXBuildFile; fileRef = 94BCF2DF150B5430005EA1BD /* PullRequestTableViewController.m */; };
		94C6566D15025FAD00E85813 /* UITableViewCell+GithubEvent.m in Sources */ = {isa = PBXBuildFile; fileRef = 94C6566C15025FAD00E85813 /* UITableViewCell+GithubEvent.m */; };
		94C656711503727D00E85813 /* UITableViewCell+Person.m in Sources */ = {isa = PBXBuildFile; fileRef = 94C656701503727D00E85813 /* UITableViewCell+Person.m */; };
		94D50E0A14E472D6000C92E2 /* EventTableViewController.m in Sources */ = {isa = PBXBuildFile; fileRef = 94D50E0814E472D6000C92E2 /* EventTableViewController.m */; };
		94D50E0B14E472D6000C92E2 /* EventTableViewController.xib in Resources */ = {isa = PBXBuildFile; fileRef = 94D50E0914E472D6000C92E2 /* EventTableViewController.xib */; };
		94D50E0E14E478D7000C92E2 /* GithubEvent.m in Sources */ = {isa = PBXBuildFile; fileRef = 94D50E0D14E478D7000C92E2 /* GithubEvent.m */; };
		94E9F5F0151E747100AF5DD2 /* UITableViewCell+Commit.m in Sources */ = {isa = PBXBuildFile; fileRef = 94E9F5EF151E747100AF5DD2 /* UITableViewCell+Commit.m */; };
		94F78EEB1511108C0066A3E0 /* RepoSearchTableViewController.xib in Resources */ = {isa = PBXBuildFile; fileRef = 94F78EEA1511108C0066A3E0 /* RepoSearchTableViewController.xib */; };
		94F78EEE1511FCBE0066A3E0 /* PullRequestCommentViewController.m in Sources */ = {isa = PBXBuildFile; fileRef = 94F78EED1511FCBE0066A3E0 /* PullRequestCommentViewController.m */; };
		94F78EF015120F490066A3E0 /* PullRequestAddCommentViewController.xib in Resources */ = {isa = PBXBuildFile; fileRef = 94F78EEF15120F480066A3E0 /* PullRequestAddCommentViewController.xib */; };
/* End PBXBuildFile section */

/* Begin PBXFileReference section */
		9402273A14C167260036A676 /* CommitFile.h */ = {isa = PBXFileReference; fileEncoding = 4; lastKnownFileType = sourcecode.c.h; path = CommitFile.h; sourceTree = "<group>"; };
		9402273B14C167260036A676 /* CommitFile.m */ = {isa = PBXFileReference; fileEncoding = 4; lastKnownFileType = sourcecode.c.objc; path = CommitFile.m; sourceTree = "<group>"; };
		9402273F14C1A1140036A676 /* FileDiffViewController.h */ = {isa = PBXFileReference; fileEncoding = 4; lastKnownFileType = sourcecode.c.h; path = FileDiffViewController.h; sourceTree = "<group>"; };
		9402274014C1A1140036A676 /* FileDiffViewController.m */ = {isa = PBXFileReference; fileEncoding = 4; lastKnownFileType = sourcecode.c.objc; path = FileDiffViewController.m; sourceTree = "<group>"; };
		9402274114C1A1140036A676 /* FileDiffViewController.xib */ = {isa = PBXFileReference; fileEncoding = 4; lastKnownFileType = file.xib; path = FileDiffViewController.xib; sourceTree = "<group>"; };
		9404B4FA150CB38E0077BA8E /* UITableViewCell+CommitFile.h */ = {isa = PBXFileReference; fileEncoding = 4; lastKnownFileType = sourcecode.c.h; path = "UITableViewCell+CommitFile.h"; sourceTree = "<group>"; };
		9404B4FB150CB38E0077BA8E /* UITableViewCell+CommitFile.m */ = {isa = PBXFileReference; fileEncoding = 4; lastKnownFileType = sourcecode.c.objc; path = "UITableViewCell+CommitFile.m"; sourceTree = "<group>"; };
		9404B4FE150CE6F70077BA8E /* UITableViewCell+PullRequest.h */ = {isa = PBXFileReference; fileEncoding = 4; lastKnownFileType = sourcecode.c.h; path = "UITableViewCell+PullRequest.h"; sourceTree = "<group>"; };
		9404B4FF150CE6F70077BA8E /* UITableViewCell+PullRequest.m */ = {isa = PBXFileReference; fileEncoding = 4; lastKnownFileType = sourcecode.c.objc; path = "UITableViewCell+PullRequest.m"; sourceTree = "<group>"; };
		941FCF89150E18A10046F72F /* Icon.png */ = {isa = PBXFileReference; lastKnownFileType = image.png; path = Icon.png; sourceTree = "<group>"; };
		941FCF8B150E1A5C0046F72F /* Icon@2x.png */ = {isa = PBXFileReference; lastKnownFileType = image.png; path = "Icon@2x.png"; sourceTree = "<group>"; };
		941FCF91150EAD1A0046F72F /* PullRequestRootViewController.h */ = {isa = PBXFileReference; fileEncoding = 4; lastKnownFileType = sourcecode.c.h; path = PullRequestRootViewController.h; sourceTree = "<group>"; };
		941FCF92150EAD1A0046F72F /* PullRequestRootViewController.m */ = {isa = PBXFileReference; fileEncoding = 4; lastKnownFileType = sourcecode.c.objc; path = PullRequestRootViewController.m; sourceTree = "<group>"; };
		941FCF93150EAD1A0046F72F /* PullRequestRootViewController.xib */ = {isa = PBXFileReference; fileEncoding = 4; lastKnownFileType = file.xib; path = PullRequestRootViewController.xib; sourceTree = "<group>"; };
		941FCF971510980E0046F72F /* PullRequestReviewTableViewController.h */ = {isa = PBXFileReference; fileEncoding = 4; lastKnownFileType = sourcecode.c.h; path = PullRequestReviewTableViewController.h; sourceTree = "<group>"; };
		941FCF981510980E0046F72F /* PullRequestReviewTableViewController.m */ = {isa = PBXFileReference; fileEncoding = 4; lastKnownFileType = sourcecode.c.objc; path = PullRequestReviewTableViewController.m; sourceTree = "<group>"; };
		942130BE14B455C000969D38 /* NetworkProxy.h */ = {isa = PBXFileReference; fileEncoding = 4; lastKnownFileType = sourcecode.c.h; path = NetworkProxy.h; sourceTree = "<group>"; };
		942130BF14B455C000969D38 /* NetworkProxy.m */ = {isa = PBXFileReference; fileEncoding = 4; lastKnownFileType = sourcecode.c.objc; path = NetworkProxy.m; sourceTree = "<group>"; };
		942130C014B455C000969D38 /* RepoBrowserTableViewController.h */ = {isa = PBXFileReference; fileEncoding = 4; lastKnownFileType = sourcecode.c.h; path = RepoBrowserTableViewController.h; sourceTree = "<group>"; };
		942130C114B455C000969D38 /* RepoBrowserTableViewController.m */ = {isa = PBXFileReference; fileEncoding = 4; lastKnownFileType = sourcecode.c.objc; path = RepoBrowserTableViewController.m; sourceTree = "<group>"; };
		942130C214B455C000969D38 /* Repository.h */ = {isa = PBXFileReference; fileEncoding = 4; lastKnownFileType = sourcecode.c.h; path = Repository.h; sourceTree = "<group>"; };
		942130C314B455C000969D38 /* Repository.m */ = {isa = PBXFileReference; fileEncoding = 4; lastKnownFileType = sourcecode.c.objc; path = Repository.m; sourceTree = "<group>"; };
		942130C814B4584B00969D38 /* RepoBrowserTableViewController.xib */ = {isa = PBXFileReference; fileEncoding = 4; lastKnownFileType = file.xib; path = RepoBrowserTableViewController.xib; sourceTree = "<group>"; };
		9424DE4F14B9D97300B6538E /* SettingsViewController.h */ = {isa = PBXFileReference; fileEncoding = 4; lastKnownFileType = sourcecode.c.h; path = SettingsViewController.h; sourceTree = "<group>"; };
		9424DE5014B9D97300B6538E /* SettingsViewController.m */ = {isa = PBXFileReference; fileEncoding = 4; lastKnownFileType = sourcecode.c.objc; path = SettingsViewController.m; sourceTree = "<group>"; };
		9424DE5114B9D97300B6538E /* SettingsViewController.xib */ = {isa = PBXFileReference; fileEncoding = 4; lastKnownFileType = file.xib; path = SettingsViewController.xib; sourceTree = "<group>"; };
		9424DE5414B9FEDF00B6538E /* Settings.h */ = {isa = PBXFileReference; fileEncoding = 4; lastKnownFileType = sourcecode.c.h; path = Settings.h; sourceTree = "<group>"; };
		9424DE5514B9FEDF00B6538E /* Settings.m */ = {isa = PBXFileReference; fileEncoding = 4; lastKnownFileType = sourcecode.c.objc; path = Settings.m; sourceTree = "<group>"; };
		942CBD5E14B5A1B80047F712 /* Tree.h */ = {isa = PBXFileReference; fileEncoding = 4; lastKnownFileType = sourcecode.c.h; path = Tree.h; sourceTree = "<group>"; };
		942CBD5F14B5A1B80047F712 /* Tree.m */ = {isa = PBXFileReference; fileEncoding = 4; lastKnownFileType = sourcecode.c.objc; path = Tree.m; sourceTree = "<group>"; };
		942CBD6214B607990047F712 /* Blob.h */ = {isa = PBXFileReference; fileEncoding = 4; lastKnownFileType = sourcecode.c.h; path = Blob.h; sourceTree = "<group>"; };
		942CBD6314B607990047F712 /* Blob.m */ = {isa = PBXFileReference; fileEncoding = 4; lastKnownFileType = sourcecode.c.objc; path = Blob.m; sourceTree = "<group>"; };
		942CBD6514B6116A0047F712 /* BlobViewController.h */ = {isa = PBXFileReference; fileEncoding = 4; lastKnownFileType = sourcecode.c.h; path = BlobViewController.h; sourceTree = "<group>"; };
		942CBD6614B6116A0047F712 /* BlobViewController.m */ = {isa = PBXFileReference; fileEncoding = 4; lastKnownFileType = sourcecode.c.objc; path = BlobViewController.m; sourceTree = "<group>"; };
		942CBD6714B6116A0047F712 /* BlobViewController.xib */ = {isa = PBXFileReference; fileEncoding = 4; lastKnownFileType = file.xib; path = BlobViewController.xib; sourceTree = "<group>"; };
		9435DC2214C935D800E0B15B /* CommitHistoryList.h */ = {isa = PBXFileReference; fileEncoding = 4; lastKnownFileType = sourcecode.c.h; path = CommitHistoryList.h; sourceTree = "<group>"; };
		9435DC2314C935D800E0B15B /* CommitHistoryList.m */ = {isa = PBXFileReference; fileEncoding = 4; lastKnownFileType = sourcecode.c.objc; path = CommitHistoryList.m; sourceTree = "<group>"; };
		94435C0E14B772BB0037CF87 /* BranchesBrowserViewController.h */ = {isa = PBXFileReference; fileEncoding = 4; lastKnownFileType = sourcecode.c.h; path = BranchesBrowserViewController.h; sourceTree = "<group>"; };
		94435C0F14B772BB0037CF87 /* BranchesBrowserViewController.m */ = {isa = PBXFileReference; fileEncoding = 4; lastKnownFileType = sourcecode.c.objc; path = BranchesBrowserViewController.m; sourceTree = "<group>"; };
		94435C1014B772BB0037CF87 /* BranchesBrowserViewController.xib */ = {isa = PBXFileReference; fileEncoding = 4; lastKnownFileType = file.xib; path = BranchesBrowserViewController.xib; sourceTree = "<group>"; };
		9445E35914B6198300BB929C /* NSData+Base64.h */ = {isa = PBXFileReference; fileEncoding = 4; lastKnownFileType = sourcecode.c.h; path = "NSData+Base64.h"; sourceTree = "<group>"; };
		9445E35A14B6198300BB929C /* NSData+Base64.m */ = {isa = PBXFileReference; fileEncoding = 4; lastKnownFileType = sourcecode.c.objc; path = "NSData+Base64.m"; sourceTree = "<group>"; };
		944D6660151FBEDB002208FB /* PersonViewController.h */ = {isa = PBXFileReference; fileEncoding = 4; lastKnownFileType = sourcecode.c.h; path = PersonViewController.h; sourceTree = "<group>"; };
		944D6661151FBEDB002208FB /* PersonViewController.m */ = {isa = PBXFileReference; fileEncoding = 4; lastKnownFileType = sourcecode.c.objc; path = PersonViewController.m; sourceTree = "<group>"; };
		944D6663151FC034002208FB /* PersonViewController.xib */ = {isa = PBXFileReference; fileEncoding = 4; lastKnownFileType = file.xib; path = PersonViewController.xib; sourceTree = "<group>"; };
		945271B814D5813B00F5610D /* UIRepositoryRootViewController.h */ = {isa = PBXFileReference; fileEncoding = 4; lastKnownFileType = sourcecode.c.h; path = UIRepositoryRootViewController.h; sourceTree = "<group>"; };
		945271B914D5813B00F5610D /* UIRepositoryRootViewController.m */ = {isa = PBXFileReference; fileEncoding = 4; lastKnownFileType = sourcecode.c.objc; path = UIRepositoryRootViewController.m; sourceTree = "<group>"; };
		945271BA14D5813B00F5610D /* UIRepositoryRootViewController.xib */ = {isa = PBXFileReference; fileEncoding = 4; lastKnownFileType = file.xib; path = UIRepositoryRootViewController.xib; sourceTree = "<group>"; };
		945271C314D74A3100F5610D /* UITreeRootViewController.h */ = {isa = PBXFileReference; fileEncoding = 4; lastKnownFileType = sourcecode.c.h; path = UITreeRootViewController.h; sourceTree = "<group>"; };
		945271C414D74A3100F5610D /* UITreeRootViewController.m */ = {isa = PBXFileReference; fileEncoding = 4; lastKnownFileType = sourcecode.c.objc; path = UITreeRootViewController.m; sourceTree = "<group>"; };
		945271C514D74A3100F5610D /* UITreeRootViewController.xib */ = {isa = PBXFileReference; fileEncoding = 4; lastKnownFileType = file.xib; path = UITreeRootViewController.xib; sourceTree = "<group>"; };
		945C25F414E86D6F00479D21 /* HistoryList.h */ = {isa = PBXFileReference; fileEncoding = 4; lastKnownFileType = sourcecode.c.h; path = HistoryList.h; sourceTree = "<group>"; };
		945C25F514E86D6F00479D21 /* HistoryList.m */ = {isa = PBXFileReference; fileEncoding = 4; lastKnownFileType = sourcecode.c.objc; path = HistoryList.m; sourceTree = "<group>"; };
		945FE31C14B866F60099FD84 /* StringQueue.h */ = {isa = PBXFileReference; fileEncoding = 4; lastKnownFileType = sourcecode.c.h; path = StringQueue.h; sourceTree = "<group>"; };
		945FE31D14B866F60099FD84 /* StringQueue.m */ = {isa = PBXFileReference; fileEncoding = 4; lastKnownFileType = sourcecode.c.objc; path = StringQueue.m; sourceTree = "<group>"; };
		946045E61512465000C2E44D /* PullRequestCommentViewController.xib */ = {isa = PBXFileReference; fileEncoding = 4; lastKnownFileType = file.xib; path = PullRequestCommentViewController.xib; sourceTree = "<group>"; };
		9466DBD214B7ACCD00238151 /* Branch.h */ = {isa = PBXFileReference; fileEncoding = 4; lastKnownFileType = sourcecode.c.h; path = Branch.h; sourceTree = "<group>"; };
		9466DBD314B7ACCD00238151 /* Branch.m */ = {isa = PBXFileReference; fileEncoding = 4; lastKnownFileType = sourcecode.c.objc; path = Branch.m; sourceTree = "<group>"; };
		9466DBD614B7B77800238151 /* BranchViewController.h */ = {isa = PBXFileReference; fileEncoding = 4; lastKnownFileType = sourcecode.c.h; path = BranchViewController.h; sourceTree = "<group>"; };
		9466DBD714B7B77800238151 /* BranchViewController.m */ = {isa = PBXFileReference; fileEncoding = 4; lastKnownFileType = sourcecode.c.objc; path = BranchViewController.m; sourceTree = "<group>"; };
		9466DBD814B7B77800238151 /* BranchViewController.xib */ = {isa = PBXFileReference; fileEncoding = 4; lastKnownFileType = file.xib; path = BranchViewController.xib; sourceTree = "<group>"; };
		946CB2A514B4651700BBFDAD /* Person.h */ = {isa = PBXFileReference; fileEncoding = 4; lastKnownFileType = sourcecode.c.h; path = Person.h; sourceTree = "<group>"; };
		946CB2A614B4651700BBFDAD /* Person.m */ = {isa = PBXFileReference; fileEncoding = 4; lastKnownFileType = sourcecode.c.objc; path = Person.m; sourceTree = "<group>"; };
		946CB2A914B4796000BBFDAD /* Commit.h */ = {isa = PBXFileReference; fileEncoding = 4; lastKnownFileType = sourcecode.c.h; path = Commit.h; sourceTree = "<group>"; };
		946CB2AA14B4796000BBFDAD /* Commit.m */ = {isa = PBXFileReference; fileEncoding = 4; lastKnownFileType = sourcecode.c.objc; path = Commit.m; sourceTree = "<group>"; };
		946CB2AC14B48E6000BBFDAD /* TreeViewController.h */ = {isa = PBXFileReference; fileEncoding = 4; lastKnownFileType = sourcecode.c.h; path = TreeViewController.h; sourceTree = "<group>"; };
		946CB2AD14B48E6000BBFDAD /* TreeViewController.m */ = {isa = PBXFileReference; fileEncoding = 4; lastKnownFileType = sourcecode.c.objc; path = TreeViewController.m; sourceTree = "<group>"; };
		946CB2AE14B48E6000BBFDAD /* TreeViewController.xib */ = {isa = PBXFileReference; fileEncoding = 4; lastKnownFileType = file.xib; path = TreeViewController.xib; sourceTree = "<group>"; };
		9491EE3C151658550050C424 /* PullToRefreshTableViewController.h */ = {isa = PBXFileReference; fileEncoding = 4; lastKnownFileType = sourcecode.c.h; path = PullToRefreshTableViewController.h; sourceTree = "<group>"; };
		9491EE3D151658550050C424 /* PullToRefreshTableViewController.m */ = {isa = PBXFileReference; fileEncoding = 4; lastKnownFileType = sourcecode.c.objc; path = PullToRefreshTableViewController.m; sourceTree = "<group>"; };
		949DB8CE14F1522D000BE743 /* RepositoryStorage.h */ = {isa = PBXFileReference; fileEncoding = 4; lastKnownFileType = sourcecode.c.h; path = RepositoryStorage.h; sourceTree = "<group>"; };
		949DB8CF14F1522D000BE743 /* RepositoryStorage.m */ = {isa = PBXFileReference; fileEncoding = 4; lastKnownFileType = sourcecode.c.objc; path = RepositoryStorage.m; sourceTree = "<group>"; };
		949F506D151D2704009D5DC3 /* Github To Go.entitlements */ = {isa = PBXFileReference; lastKnownFileType = text.xml; path = "Github To Go.entitlements"; sourceTree = "<group>"; };
		949F506F151E4EF5009D5DC3 /* NSString+ISO8601Parsing.h */ = {isa = PBXFileReference; fileEncoding = 4; lastKnownFileType = sourcecode.c.h; path = "NSString+ISO8601Parsing.h"; sourceTree = "<group>"; };
		949F5070151E4EF5009D5DC3 /* NSString+ISO8601Parsing.m */ = {isa = PBXFileReference; fileEncoding = 4; lastKnownFileType = sourcecode.c.objc; path = "NSString+ISO8601Parsing.m"; sourceTree = "<group>"; };
		949FB12F14B3327800D3E713 /* Github To Go.app */ = {isa = PBXFileReference; explicitFileType = wrapper.application; includeInIndex = 0; path = "Github To Go.app"; sourceTree = BUILT_PRODUCTS_DIR; };
		949FB13314B3327800D3E713 /* UIKit.framework */ = {isa = PBXFileReference; lastKnownFileType = wrapper.framework; name = UIKit.framework; path = System/Library/Frameworks/UIKit.framework; sourceTree = SDKROOT; };
		949FB13514B3327800D3E713 /* Foundation.framework */ = {isa = PBXFileReference; lastKnownFileType = wrapper.framework; name = Foundation.framework; path = System/Library/Frameworks/Foundation.framework; sourceTree = SDKROOT; };
		949FB13714B3327800D3E713 /* CoreGraphics.framework */ = {isa = PBXFileReference; lastKnownFileType = wrapper.framework; name = CoreGraphics.framework; path = System/Library/Frameworks/CoreGraphics.framework; sourceTree = SDKROOT; };
		949FB13B14B3327800D3E713 /* Github To Go-Info.plist */ = {isa = PBXFileReference; lastKnownFileType = text.plist.xml; path = "Github To Go-Info.plist"; sourceTree = "<group>"; };
		949FB13D14B3327800D3E713 /* en */ = {isa = PBXFileReference; lastKnownFileType = text.plist.strings; name = en; path = en.lproj/InfoPlist.strings; sourceTree = "<group>"; };
		949FB13F14B3327800D3E713 /* main.m */ = {isa = PBXFileReference; lastKnownFileType = sourcecode.c.objc; path = main.m; sourceTree = "<group>"; };
		949FB14114B3327800D3E713 /* Github To Go-Prefix.pch */ = {isa = PBXFileReference; lastKnownFileType = sourcecode.c.h; path = "Github To Go-Prefix.pch"; sourceTree = "<group>"; };
		949FB14214B3327800D3E713 /* AppDelegate.h */ = {isa = PBXFileReference; lastKnownFileType = sourcecode.c.h; path = AppDelegate.h; sourceTree = "<group>"; };
		949FB14314B3327800D3E713 /* AppDelegate.m */ = {isa = PBXFileReference; lastKnownFileType = sourcecode.c.objc; path = AppDelegate.m; sourceTree = "<group>"; };
		949FB14814B3327800D3E713 /* first.png */ = {isa = PBXFileReference; lastKnownFileType = image.png; path = first.png; sourceTree = "<group>"; };
		949FB14A14B3327800D3E713 /* first@2x.png */ = {isa = PBXFileReference; lastKnownFileType = image.png; path = "first@2x.png"; sourceTree = "<group>"; };
		949FB14F14B3327800D3E713 /* second.png */ = {isa = PBXFileReference; lastKnownFileType = image.png; path = second.png; sourceTree = "<group>"; };
		949FB15114B3327800D3E713 /* second@2x.png */ = {isa = PBXFileReference; lastKnownFileType = image.png; path = "second@2x.png"; sourceTree = "<group>"; };
		94A12FD614BB972A00453774 /* CommitViewController.h */ = {isa = PBXFileReference; fileEncoding = 4; lastKnownFileType = sourcecode.c.h; path = CommitViewController.h; sourceTree = "<group>"; };
		94A12FD714BB972A00453774 /* CommitViewController.m */ = {isa = PBXFileReference; fileEncoding = 4; lastKnownFileType = sourcecode.c.objc; path = CommitViewController.m; sourceTree = "<group>"; };
		94A12FD814BB972A00453774 /* CommitViewController.xib */ = {isa = PBXFileReference; fileEncoding = 4; lastKnownFileType = file.xib; path = CommitViewController.xib; sourceTree = "<group>"; };
		94B0CE9D14DEE31E005F787C /* gravatar-orgs.png */ = {isa = PBXFileReference; lastKnownFileType = image.png; path = "gravatar-orgs.png"; sourceTree = "<group>"; };
		94B9880514B72986007AA6A6 /* RepositoryViewController.h */ = {isa = PBXFileReference; fileEncoding = 4; lastKnownFileType = sourcecode.c.h; path = RepositoryViewController.h; sourceTree = "<group>"; };
		94B9880614B72986007AA6A6 /* RepositoryViewController.m */ = {isa = PBXFileReference; fileEncoding = 4; lastKnownFileType = sourcecode.c.objc; path = RepositoryViewController.m; sourceTree = "<group>"; };
		94B9880714B72986007AA6A6 /* RepositoryViewController.xib */ = {isa = PBXFileReference; fileEncoding = 4; lastKnownFileType = file.xib; path = RepositoryViewController.xib; sourceTree = "<group>"; };
		94BCF2CE150A7050005EA1BD /* PullRequest.h */ = {isa = PBXFileReference; fileEncoding = 4; lastKnownFileType = sourcecode.c.h; path = PullRequest.h; sourceTree = "<group>"; };
		94BCF2CF150A7050005EA1BD /* PullRequest.m */ = {isa = PBXFileReference; fileEncoding = 4; lastKnownFileType = sourcecode.c.objc; path = PullRequest.m; sourceTree = "<group>"; };
		94BCF2D1150A7375005EA1BD /* PullRequestListTableViewController.h */ = {isa = PBXFileReference; fileEncoding = 4; lastKnownFileType = sourcecode.c.h; path = PullRequestListTableViewController.h; sourceTree = "<group>"; };
		94BCF2D2150A7375005EA1BD /* PullRequestListTableViewController.m */ = {isa = PBXFileReference; fileEncoding = 4; lastKnownFileType = sourcecode.c.objc; path = PullRequestListTableViewController.m; sourceTree = "<group>"; };
		94BCF2DE150B5430005EA1BD /* PullRequestTableViewController.h */ = {isa = PBXFileReference; fileEncoding = 4; lastKnownFileType = sourcecode.c.h; path = PullRequestTableViewController.h; sourceTree = "<group>"; };
		94BCF2DF150B5430005EA1BD /* PullRequestTableViewController.m */ = {isa = PBXFileReference; fileEncoding = 4; lastKnownFileType = sourcecode.c.objc; path = PullRequestTableViewController.m; sourceTree = "<group>"; };
		94C0602614CE174600E28C5F /* GitObject.h */ = {isa = PBXFileReference; fileEncoding = 4; lastKnownFileType = sourcecode.c.h; path = GitObject.h; sourceTree = "<group>"; };
		94C6566B15025FAD00E85813 /* UITableViewCell+GithubEvent.h */ = {isa = PBXFileReference; fileEncoding = 4; lastKnownFileType = sourcecode.c.h; path = "UITableViewCell+GithubEvent.h"; sourceTree = "<group>"; };
		94C6566C15025FAD00E85813 /* UITableViewCell+GithubEvent.m */ = {isa = PBXFileReference; fileEncoding = 4; lastKnownFileType = sourcecode.c.objc; path = "UITableViewCell+GithubEvent.m"; sourceTree = "<group>"; };
		94C6566F1503727D00E85813 /* UITableViewCell+Person.h */ = {isa = PBXFileReference; fileEncoding = 4; lastKnownFileType = sourcecode.c.h; path = "UITableViewCell+Person.h"; sourceTree = "<group>"; };
		94C656701503727D00E85813 /* UITableViewCell+Person.m */ = {isa = PBXFileReference; fileEncoding = 4; lastKnownFileType = sourcecode.c.objc; path = "UITableViewCell+Person.m"; sourceTree = "<group>"; };
		94D50E0714E472D6000C92E2 /* EventTableViewController.h */ = {isa = PBXFileReference; fileEncoding = 4; lastKnownFileType = sourcecode.c.h; path = EventTableViewController.h; sourceTree = "<group>"; };
		94D50E0814E472D6000C92E2 /* EventTableViewController.m */ = {isa = PBXFileReference; fileEncoding = 4; lastKnownFileType = sourcecode.c.objc; path = EventTableViewController.m; sourceTree = "<group>"; };
		94D50E0914E472D6000C92E2 /* EventTableViewController.xib */ = {isa = PBXFileReference; fileEncoding = 4; lastKnownFileType = file.xib; path = EventTableViewController.xib; sourceTree = "<group>"; };
		94D50E0C14E478D7000C92E2 /* GithubEvent.h */ = {isa = PBXFileReference; fileEncoding = 4; lastKnownFileType = sourcecode.c.h; path = GithubEvent.h; sourceTree = "<group>"; };
		94D50E0D14E478D7000C92E2 /* GithubEvent.m */ = {isa = PBXFileReference; fileEncoding = 4; lastKnownFileType = sourcecode.c.objc; path = GithubEvent.m; sourceTree = "<group>"; };
		94E9F5EE151E747100AF5DD2 /* UITableViewCell+Commit.h */ = {isa = PBXFileReference; fileEncoding = 4; lastKnownFileType = sourcecode.c.h; path = "UITableViewCell+Commit.h"; sourceTree = "<group>"; };
		94E9F5EF151E747100AF5DD2 /* UITableViewCell+Commit.m */ = {isa = PBXFileReference; fileEncoding = 4; lastKnownFileType = sourcecode.c.objc; path = "UITableViewCell+Commit.m"; sourceTree = "<group>"; };
		94F78EEA1511108C0066A3E0 /* RepoSearchTableViewController.xib */ = {isa = PBXFileReference; fileEncoding = 4; lastKnownFileType = file.xib; path = RepoSearchTableViewController.xib; sourceTree = "<group>"; };
		94F78EEC1511FCBE0066A3E0 /* PullRequestCommentViewController.h */ = {isa = PBXFileReference; fileEncoding = 4; lastKnownFileType = sourcecode.c.h; path = PullRequestCommentViewController.h; sourceTree = "<group>"; };
		94F78EED1511FCBE0066A3E0 /* PullRequestCommentViewController.m */ = {isa = PBXFileReference; fileEncoding = 4; lastKnownFileType = sourcecode.c.objc; path = PullRequestCommentViewController.m; sourceTree = "<group>"; };
		94F78EEF15120F480066A3E0 /* PullRequestAddCommentViewController.xib */ = {isa = PBXFileReference; fileEncoding = 4; lastKnownFileType = file.xib; path = PullRequestAddCommentViewController.xib; sourceTree = "<group>"; };
/* End PBXFileReference section */

/* Begin PBXFrameworksBuildPhase section */
		949FB12C14B3327800D3E713 /* Frameworks */ = {
			isa = PBXFrameworksBuildPhase;
			buildActionMask = 2147483647;
			files = (
				949FB13414B3327800D3E713 /* UIKit.framework in Frameworks */,
				949FB13614B3327800D3E713 /* Foundation.framework in Frameworks */,
				949FB13814B3327800D3E713 /* CoreGraphics.framework in Frameworks */,
			);
			runOnlyForDeploymentPostprocessing = 0;
		};
/* End PBXFrameworksBuildPhase section */

/* Begin PBXGroup section */
		9402273E14C1A0D10036A676 /* CommitFile */ = {
			isa = PBXGroup;
			children = (
				9402273A14C167260036A676 /* CommitFile.h */,
				9402273B14C167260036A676 /* CommitFile.m */,
				9402273F14C1A1140036A676 /* FileDiffViewController.h */,
				9402274014C1A1140036A676 /* FileDiffViewController.m */,
				9402274114C1A1140036A676 /* FileDiffViewController.xib */,
				9404B4FA150CB38E0077BA8E /* UITableViewCell+CommitFile.h */,
				9404B4FB150CB38E0077BA8E /* UITableViewCell+CommitFile.m */,
			);
			name = CommitFile;
			sourceTree = "<group>";
		};
		9424DE4D14B9D95000B6538E /* Settings */ = {
			isa = PBXGroup;
			children = (
				9424DE4F14B9D97300B6538E /* SettingsViewController.h */,
				9424DE5014B9D97300B6538E /* SettingsViewController.m */,
				9424DE5114B9D97300B6538E /* SettingsViewController.xib */,
				9424DE5414B9FEDF00B6538E /* Settings.h */,
				9424DE5514B9FEDF00B6538E /* Settings.m */,
			);
			name = Settings;
			sourceTree = "<group>";
		};
		944D665E151FBEAC002208FB /* Person */ = {
			isa = PBXGroup;
			children = (
				94C6566F1503727D00E85813 /* UITableViewCell+Person.h */,
				94C656701503727D00E85813 /* UITableViewCell+Person.m */,
				946CB2A514B4651700BBFDAD /* Person.h */,
				946CB2A614B4651700BBFDAD /* Person.m */,
				944D6660151FBEDB002208FB /* PersonViewController.h */,
				944D6661151FBEDB002208FB /* PersonViewController.m */,
				944D6663151FC034002208FB /* PersonViewController.xib */,
			);
			name = Person;
			sourceTree = "<group>";
		};
		945FE32014B8BA7E0099FD84 /* General Data Structures */ = {
			isa = PBXGroup;
			children = (
				945FE31C14B866F60099FD84 /* StringQueue.h */,
				945FE31D14B866F60099FD84 /* StringQueue.m */,
				945C25F414E86D6F00479D21 /* HistoryList.h */,
				945C25F514E86D6F00479D21 /* HistoryList.m */,
			);
			name = "General Data Structures";
			sourceTree = "<group>";
		};
		9466DBCD14B7AC2200238151 /* Blob */ = {
			isa = PBXGroup;
			children = (
				942CBD6214B607990047F712 /* Blob.h */,
				942CBD6314B607990047F712 /* Blob.m */,
				942CBD6514B6116A0047F712 /* BlobViewController.h */,
				942CBD6614B6116A0047F712 /* BlobViewController.m */,
				942CBD6714B6116A0047F712 /* BlobViewController.xib */,
			);
			name = Blob;
			sourceTree = "<group>";
		};
		9466DBCF14B7AC8700238151 /* Tree */ = {
			isa = PBXGroup;
			children = (
				942CBD5E14B5A1B80047F712 /* Tree.h */,
				942CBD5F14B5A1B80047F712 /* Tree.m */,
				946CB2AC14B48E6000BBFDAD /* TreeViewController.h */,
				946CB2AD14B48E6000BBFDAD /* TreeViewController.m */,
				946CB2AE14B48E6000BBFDAD /* TreeViewController.xib */,
				945271C314D74A3100F5610D /* UITreeRootViewController.h */,
				945271C414D74A3100F5610D /* UITreeRootViewController.m */,
				945271C514D74A3100F5610D /* UITreeRootViewController.xib */,
			);
			name = Tree;
			sourceTree = "<group>";
		};
		9466DBD014B7AC9D00238151 /* Repository */ = {
			isa = PBXGroup;
			children = (
				942130C214B455C000969D38 /* Repository.h */,
				942130C314B455C000969D38 /* Repository.m */,
				9435DC2314C935D800E0B15B /* CommitHistoryList.m */,
				94B9880514B72986007AA6A6 /* RepositoryViewController.h */,
				94B9880614B72986007AA6A6 /* RepositoryViewController.m */,
				94B9880714B72986007AA6A6 /* RepositoryViewController.xib */,
				94435C0E14B772BB0037CF87 /* BranchesBrowserViewController.h */,
				94435C0F14B772BB0037CF87 /* BranchesBrowserViewController.m */,
				94435C1014B772BB0037CF87 /* BranchesBrowserViewController.xib */,
				945271B814D5813B00F5610D /* UIRepositoryRootViewController.h */,
				945271B914D5813B00F5610D /* UIRepositoryRootViewController.m */,
				945271BA14D5813B00F5610D /* UIRepositoryRootViewController.xib */,
			);
			name = Repository;
			sourceTree = "<group>";
		};
		9466DBD114B7ACBC00238151 /* Branch */ = {
			isa = PBXGroup;
			children = (
				9466DBD214B7ACCD00238151 /* Branch.h */,
				9466DBD314B7ACCD00238151 /* Branch.m */,
				9466DBD614B7B77800238151 /* BranchViewController.h */,
				9466DBD714B7B77800238151 /* BranchViewController.m */,
				9466DBD814B7B77800238151 /* BranchViewController.xib */,
				9435DC2214C935D800E0B15B /* CommitHistoryList.h */,
			);
			name = Branch;
			sourceTree = "<group>";
		};
		9466DBD514B7AD6300238151 /* Commit */ = {
			isa = PBXGroup;
			children = (
				946CB2A914B4796000BBFDAD /* Commit.h */,
				946CB2AA14B4796000BBFDAD /* Commit.m */,
				94A12FD614BB972A00453774 /* CommitViewController.h */,
				94A12FD714BB972A00453774 /* CommitViewController.m */,
				94A12FD814BB972A00453774 /* CommitViewController.xib */,
				94E9F5EE151E747100AF5DD2 /* UITableViewCell+Commit.h */,
				94E9F5EF151E747100AF5DD2 /* UITableViewCell+Commit.m */,
			);
			name = Commit;
			sourceTree = "<group>";
		};
		949FB12414B3327700D3E713 = {
			isa = PBXGroup;
			children = (
				949FB13914B3327800D3E713 /* Github To Go */,
				949FB13214B3327800D3E713 /* Frameworks */,
				949FB13014B3327800D3E713 /* Products */,
			);
			sourceTree = "<group>";
		};
		949FB13014B3327800D3E713 /* Products */ = {
			isa = PBXGroup;
			children = (
				949FB12F14B3327800D3E713 /* Github To Go.app */,
			);
			name = Products;
			sourceTree = "<group>";
		};
		949FB13214B3327800D3E713 /* Frameworks */ = {
			isa = PBXGroup;
			children = (
				949FB13314B3327800D3E713 /* UIKit.framework */,
				949FB13514B3327800D3E713 /* Foundation.framework */,
				949FB13714B3327800D3E713 /* CoreGraphics.framework */,
			);
			name = Frameworks;
			sourceTree = "<group>";
		};
		949FB13914B3327800D3E713 /* Github To Go */ = {
			isa = PBXGroup;
			children = (
				949F506D151D2704009D5DC3 /* Github To Go.entitlements */,
				941FCF8B150E1A5C0046F72F /* Icon@2x.png */,
				941FCF89150E18A10046F72F /* Icon.png */,
				94BCF2CC150A7037005EA1BD /* PullRequest */,
				94D50E0514E472B9000C92E2 /* Events */,
				94B0CE9D14DEE31E005F787C /* gravatar-orgs.png */,
				9402273E14C1A0D10036A676 /* CommitFile */,
				9424DE4D14B9D95000B6538E /* Settings */,
				9466DBD114B7ACBC00238151 /* Branch */,
				9466DBCD14B7AC2200238151 /* Blob */,
				9466DBCF14B7AC8700238151 /* Tree */,
				945FE32014B8BA7E0099FD84 /* General Data Structures */,
				9466DBD014B7AC9D00238151 /* Repository */,
				9466DBD514B7AD6300238151 /* Commit */,
				944D665E151FBEAC002208FB /* Person */,
				942130BE14B455C000969D38 /* NetworkProxy.h */,
				942130BF14B455C000969D38 /* NetworkProxy.m */,
				942130C014B455C000969D38 /* RepoBrowserTableViewController.h */,
				942130C114B455C000969D38 /* RepoBrowserTableViewController.m */,
				942130C814B4584B00969D38 /* RepoBrowserTableViewController.xib */,
				94F78EEA1511108C0066A3E0 /* RepoSearchTableViewController.xib */,
				949DB8CE14F1522D000BE743 /* RepositoryStorage.h */,
				949DB8CF14F1522D000BE743 /* RepositoryStorage.m */,
				949F506F151E4EF5009D5DC3 /* NSString+ISO8601Parsing.h */,
				949F5070151E4EF5009D5DC3 /* NSString+ISO8601Parsing.m */,
				949FB14214B3327800D3E713 /* AppDelegate.h */,
				949FB14314B3327800D3E713 /* AppDelegate.m */,
				949FB14814B3327800D3E713 /* first.png */,
				949FB14A14B3327800D3E713 /* first@2x.png */,
				949FB14F14B3327800D3E713 /* second.png */,
				949FB15114B3327800D3E713 /* second@2x.png */,
				949FB13A14B3327800D3E713 /* Supporting Files */,
				9445E35914B6198300BB929C /* NSData+Base64.h */,
				9445E35A14B6198300BB929C /* NSData+Base64.m */,
				94C0602614CE174600E28C5F /* GitObject.h */,
				9491EE3C151658550050C424 /* PullToRefreshTableViewController.h */,
				9491EE3D151658550050C424 /* PullToRefreshTableViewController.m */,
			);
			path = "Github To Go";
			sourceTree = "<group>";
		};
		949FB13A14B3327800D3E713 /* Supporting Files */ = {
			isa = PBXGroup;
			children = (
				949FB13B14B3327800D3E713 /* Github To Go-Info.plist */,
				949FB13C14B3327800D3E713 /* InfoPlist.strings */,
				949FB13F14B3327800D3E713 /* main.m */,
				949FB14114B3327800D3E713 /* Github To Go-Prefix.pch */,
			);
			name = "Supporting Files";
			sourceTree = "<group>";
		};
		94BCF2CC150A7037005EA1BD /* PullRequest */ = {
			isa = PBXGroup;
			children = (
				94BCF2CE150A7050005EA1BD /* PullRequest.h */,
				94BCF2CF150A7050005EA1BD /* PullRequest.m */,
				94BCF2D1150A7375005EA1BD /* PullRequestListTableViewController.h */,
				94BCF2D2150A7375005EA1BD /* PullRequestListTableViewController.m */,
				94BCF2DE150B5430005EA1BD /* PullRequestTableViewController.h */,
				94BCF2DF150B5430005EA1BD /* PullRequestTableViewController.m */,
				9404B4FE150CE6F70077BA8E /* UITableViewCell+PullRequest.h */,
				9404B4FF150CE6F70077BA8E /* UITableViewCell+PullRequest.m */,
				941FCF91150EAD1A0046F72F /* PullRequestRootViewController.h */,
				941FCF92150EAD1A0046F72F /* PullRequestRootViewController.m */,
				941FCF93150EAD1A0046F72F /* PullRequestRootViewController.xib */,
				941FCF971510980E0046F72F /* PullRequestReviewTableViewController.h */,
				941FCF981510980E0046F72F /* PullRequestReviewTableViewController.m */,
				94F78EEC1511FCBE0066A3E0 /* PullRequestCommentViewController.h */,
				94F78EED1511FCBE0066A3E0 /* PullRequestCommentViewController.m */,
				946045E61512465000C2E44D /* PullRequestCommentViewController.xib */,
				94F78EEF15120F480066A3E0 /* PullRequestAddCommentViewController.xib */,
			);
			name = PullRequest;
			sourceTree = "<group>";
		};
		94D50E0514E472B9000C92E2 /* Events */ = {
			isa = PBXGroup;
			children = (
				94D50E0714E472D6000C92E2 /* EventTableViewController.h */,
				94D50E0814E472D6000C92E2 /* EventTableViewController.m */,
				94D50E0914E472D6000C92E2 /* EventTableViewController.xib */,
				94D50E0C14E478D7000C92E2 /* GithubEvent.h */,
				94D50E0D14E478D7000C92E2 /* GithubEvent.m */,
				94C6566B15025FAD00E85813 /* UITableViewCell+GithubEvent.h */,
				94C6566C15025FAD00E85813 /* UITableViewCell+GithubEvent.m */,
			);
			name = Events;
			sourceTree = "<group>";
		};
/* End PBXGroup section */

/* Begin PBXNativeTarget section */
		949FB12E14B3327800D3E713 /* Github To Go */ = {
			isa = PBXNativeTarget;
			buildConfigurationList = 949FB15B14B3327800D3E713 /* Build configuration list for PBXNativeTarget "Github To Go" */;
			buildPhases = (
				949FB12B14B3327800D3E713 /* Sources */,
				949FB12C14B3327800D3E713 /* Frameworks */,
				949FB12D14B3327800D3E713 /* Resources */,
			);
			buildRules = (
			);
			dependencies = (
			);
			name = "Github To Go";
			productName = "Github To Go";
			productReference = 949FB12F14B3327800D3E713 /* Github To Go.app */;
			productType = "com.apple.product-type.application";
		};
/* End PBXNativeTarget section */

/* Begin PBXProject section */
		949FB12614B3327700D3E713 /* Project object */ = {
			isa = PBXProject;
			attributes = {
				LastUpgradeCheck = 0430;
			};
			buildConfigurationList = 949FB12914B3327700D3E713 /* Build configuration list for PBXProject "Github To Go" */;
			compatibilityVersion = "Xcode 3.2";
			developmentRegion = English;
			hasScannedForEncodings = 0;
			knownRegions = (
				en,
			);
			mainGroup = 949FB12414B3327700D3E713;
			productRefGroup = 949FB13014B3327800D3E713 /* Products */;
			projectDirPath = "";
			projectRoot = "";
			targets = (
				949FB12E14B3327800D3E713 /* Github To Go */,
			);
		};
/* End PBXProject section */

/* Begin PBXResourcesBuildPhase section */
		949FB12D14B3327800D3E713 /* Resources */ = {
			isa = PBXResourcesBuildPhase;
			buildActionMask = 2147483647;
			files = (
				949FB13E14B3327800D3E713 /* InfoPlist.strings in Resources */,
				949FB14914B3327800D3E713 /* first.png in Resources */,
				949FB14B14B3327800D3E713 /* first@2x.png in Resources */,
				949FB15014B3327800D3E713 /* second.png in Resources */,
				949FB15214B3327800D3E713 /* second@2x.png in Resources */,
				942130C914B4584B00969D38 /* RepoBrowserTableViewController.xib in Resources */,
				946CB2B014B48E6000BBFDAD /* TreeViewController.xib in Resources */,
				942CBD6914B6116A0047F712 /* BlobViewController.xib in Resources */,
				94B9880914B72986007AA6A6 /* RepositoryViewController.xib in Resources */,
				94435C1214B772BB0037CF87 /* BranchesBrowserViewController.xib in Resources */,
				9466DBDA14B7B77800238151 /* BranchViewController.xib in Resources */,
				9424DE5314B9D97300B6538E /* SettingsViewController.xib in Resources */,
				94A12FDA14BB972A00453774 /* CommitViewController.xib in Resources */,
				9402274314C1A1140036A676 /* FileDiffViewController.xib in Resources */,
				945271BC14D5813B00F5610D /* UIRepositoryRootViewController.xib in Resources */,
				945271C714D74A3100F5610D /* UITreeRootViewController.xib in Resources */,
				94B0CE9E14DEE31E005F787C /* gravatar-orgs.png in Resources */,
				94D50E0B14E472D6000C92E2 /* EventTableViewController.xib in Resources */,
				941FCF8A150E18A10046F72F /* Icon.png in Resources */,
				941FCF8C150E1A5C0046F72F /* Icon@2x.png in Resources */,
				941FCF95150EAD1A0046F72F /* PullRequestRootViewController.xib in Resources */,
				94F78EEB1511108C0066A3E0 /* RepoSearchTableViewController.xib in Resources */,
				94F78EF015120F490066A3E0 /* PullRequestAddCommentViewController.xib in Resources */,
				946045E71512465000C2E44D /* PullRequestCommentViewController.xib in Resources */,
				944D6664151FC034002208FB /* PersonViewController.xib in Resources */,
			);
			runOnlyForDeploymentPostprocessing = 0;
		};
/* End PBXResourcesBuildPhase section */

/* Begin PBXSourcesBuildPhase section */
		949FB12B14B3327800D3E713 /* Sources */ = {
			isa = PBXSourcesBuildPhase;
			buildActionMask = 2147483647;
			files = (
				949FB14014B3327800D3E713 /* main.m in Sources */,
				949FB14414B3327800D3E713 /* AppDelegate.m in Sources */,
				942130C414B455C000969D38 /* NetworkProxy.m in Sources */,
				942130C514B455C000969D38 /* RepoBrowserTableViewController.m in Sources */,
				942130C614B455C000969D38 /* Repository.m in Sources */,
				946CB2A714B4651700BBFDAD /* Person.m in Sources */,
				946CB2AB14B4796000BBFDAD /* Commit.m in Sources */,
				946CB2AF14B48E6000BBFDAD /* TreeViewController.m in Sources */,
				942CBD6014B5A1B80047F712 /* Tree.m in Sources */,
				942CBD6414B607990047F712 /* Blob.m in Sources */,
				942CBD6814B6116A0047F712 /* BlobViewController.m in Sources */,
				9445E35B14B6198300BB929C /* NSData+Base64.m in Sources */,
				94B9880814B72986007AA6A6 /* RepositoryViewController.m in Sources */,
				94435C1114B772BB0037CF87 /* BranchesBrowserViewController.m in Sources */,
				9466DBD414B7ACCD00238151 /* Branch.m in Sources */,
				9466DBD914B7B77800238151 /* BranchViewController.m in Sources */,
				945FE31E14B866F60099FD84 /* StringQueue.m in Sources */,
				9424DE5214B9D97300B6538E /* SettingsViewController.m in Sources */,
				9424DE5614B9FEDF00B6538E /* Settings.m in Sources */,
				94A12FD914BB972A00453774 /* CommitViewController.m in Sources */,
				9402273C14C167260036A676 /* CommitFile.m in Sources */,
				9402274214C1A1140036A676 /* FileDiffViewController.m in Sources */,
				9435DC2414C935D800E0B15B /* CommitHistoryList.m in Sources */,
				945271BB14D5813B00F5610D /* UIRepositoryRootViewController.m in Sources */,
				945271C614D74A3100F5610D /* UITreeRootViewController.m in Sources */,
				94D50E0A14E472D6000C92E2 /* EventTableViewController.m in Sources */,
				94D50E0E14E478D7000C92E2 /* GithubEvent.m in Sources */,
				945C25F614E86D6F00479D21 /* HistoryList.m in Sources */,
				949DB8D014F1522D000BE743 /* RepositoryStorage.m in Sources */,
				94C6566D15025FAD00E85813 /* UITableViewCell+GithubEvent.m in Sources */,
				94C656711503727D00E85813 /* UITableViewCell+Person.m in Sources */,
				94BCF2D0150A7050005EA1BD /* PullRequest.m in Sources */,
				94BCF2D4150A7375005EA1BD /* PullRequestListTableViewController.m in Sources */,
				94BCF2E1150B5430005EA1BD /* PullRequestTableViewController.m in Sources */,
				9404B4FC150CB38E0077BA8E /* UITableViewCell+CommitFile.m in Sources */,
				9404B500150CE6F70077BA8E /* UITableViewCell+PullRequest.m in Sources */,
				941FCF94150EAD1A0046F72F /* PullRequestRootViewController.m in Sources */,
				941FCF991510980E0046F72F /* PullRequestReviewTableViewController.m in Sources */,
				94F78EEE1511FCBE0066A3E0 /* PullRequestCommentViewController.m in Sources */,
				9491EE3E151658550050C424 /* PullToRefreshTableViewController.m in Sources */,
				949F5071151E4EF5009D5DC3 /* NSString+ISO8601Parsing.m in Sources */,
				94E9F5F0151E747100AF5DD2 /* UITableViewCell+Commit.m in Sources */,
				944D6662151FBEDB002208FB /* PersonViewController.m in Sources */,
			);
			runOnlyForDeploymentPostprocessing = 0;
		};
/* End PBXSourcesBuildPhase section */

/* Begin PBXVariantGroup section */
		949FB13C14B3327800D3E713 /* InfoPlist.strings */ = {
			isa = PBXVariantGroup;
			children = (
				949FB13D14B3327800D3E713 /* en */,
			);
			name = InfoPlist.strings;
			sourceTree = "<group>";
		};
/* End PBXVariantGroup section */

/* Begin XCBuildConfiguration section */
		949FB15914B3327800D3E713 /* Debug */ = {
			isa = XCBuildConfiguration;
			buildSettings = {
				ALWAYS_SEARCH_USER_PATHS = NO;
				ARCHS = "$(ARCHS_STANDARD_32_BIT)";
				"CODE_SIGN_IDENTITY[sdk=iphoneos*]" = "iPhone Developer";
				COPY_PHASE_STRIP = NO;
				GCC_C_LANGUAGE_STANDARD = gnu99;
				GCC_DYNAMIC_NO_PIC = NO;
				GCC_OPTIMIZATION_LEVEL = 0;
				GCC_PREPROCESSOR_DEFINITIONS = (
					"DEBUG=1",
					"$(inherited)",
				);
				GCC_SYMBOLS_PRIVATE_EXTERN = NO;
				GCC_VERSION = com.apple.compilers.llvm.clang.1_0;
				GCC_WARN_ABOUT_MISSING_PROTOTYPES = YES;
				GCC_WARN_ABOUT_RETURN_TYPE = YES;
				GCC_WARN_UNUSED_VARIABLE = YES;
				IPHONEOS_DEPLOYMENT_TARGET = 5.0;
				SDKROOT = iphoneos;
			};
			name = Debug;
		};
		949FB15A14B3327800D3E713 /* Release */ = {
			isa = XCBuildConfiguration;
			buildSettings = {
				ALWAYS_SEARCH_USER_PATHS = NO;
				ARCHS = "$(ARCHS_STANDARD_32_BIT)";
				"CODE_SIGN_IDENTITY[sdk=iphoneos*]" = "iPhone Developer";
				COPY_PHASE_STRIP = YES;
				GCC_C_LANGUAGE_STANDARD = gnu99;
				GCC_VERSION = com.apple.compilers.llvm.clang.1_0;
				GCC_WARN_ABOUT_MISSING_PROTOTYPES = YES;
				GCC_WARN_ABOUT_RETURN_TYPE = YES;
				GCC_WARN_UNUSED_VARIABLE = YES;
				IPHONEOS_DEPLOYMENT_TARGET = 5.0;
				OTHER_CFLAGS = "-DNS_BLOCK_ASSERTIONS=1";
				SDKROOT = iphoneos;
				VALIDATE_PRODUCT = YES;
			};
			name = Release;
		};
		949FB15C14B3327800D3E713 /* Debug */ = {
			isa = XCBuildConfiguration;
			buildSettings = {
				CLANG_ENABLE_OBJC_ARC = YES;
				CODE_SIGN_ENTITLEMENTS = "Github To Go/Github To Go.entitlements";
				GCC_PRECOMPILE_PREFIX_HEADER = YES;
				GCC_PREFIX_HEADER = "Github To Go/Github To Go-Prefix.pch";
				INFOPLIST_FILE = "Github To Go/Github To Go-Info.plist";
				IPHONEOS_DEPLOYMENT_TARGET = 5.0;
				PRODUCT_NAME = "$(TARGET_NAME)";
				WRAPPER_EXTENSION = app;
			};
			name = Debug;
		};
		949FB15D14B3327800D3E713 /* Release */ = {
			isa = XCBuildConfiguration;
			buildSettings = {
				CLANG_ENABLE_OBJC_ARC = YES;
				CODE_SIGN_ENTITLEMENTS = "Github To Go/Github To Go.entitlements";
				CODE_SIGN_IDENTITY = "iPhone Distribution";
				"CODE_SIGN_IDENTITY[sdk=iphoneos*]" = "iPhone Distribution";
				GCC_PRECOMPILE_PREFIX_HEADER = YES;
				GCC_PREFIX_HEADER = "Github To Go/Github To Go-Prefix.pch";
				INFOPLIST_FILE = "Github To Go/Github To Go-Info.plist";
				IPHONEOS_DEPLOYMENT_TARGET = 5.0;
				PRODUCT_NAME = "$(TARGET_NAME)";
				PROVISIONING_PROFILE = "";
				"PROVISIONING_PROFILE[sdk=iphoneos*]" = "";
				WRAPPER_EXTENSION = app;
			};
			name = Release;
		};
/* End XCBuildConfiguration section */

/* Begin XCConfigurationList section */
		949FB12914B3327700D3E713 /* Build configuration list for PBXProject "Github To Go" */ = {
			isa = XCConfigurationList;
			buildConfigurations = (
				949FB15914B3327800D3E713 /* Debug */,
				949FB15A14B3327800D3E713 /* Release */,
			);
			defaultConfigurationIsVisible = 0;
			defaultConfigurationName = Release;
		};
		949FB15B14B3327800D3E713 /* Build configuration list for PBXNativeTarget "Github To Go" */ = {
			isa = XCConfigurationList;
			buildConfigurations = (
				949FB15C14B3327800D3E713 /* Debug */,
				949FB15D14B3327800D3E713 /* Release */,
			);
			defaultConfigurationIsVisible = 0;
			defaultConfigurationName = Release;
		};
/* End XCConfigurationList section */
	};
	rootObject = 949FB12614B3327700D3E713 /* Project object */;
}
