// !$*UTF8*$!
{
	archiveVersion = 1;
	classes = {
	};
	objectVersion = 46;
	objects = {

/* Begin PBXBuildFile section */
		9402273C14C167260036A676 /* CommitFile.m in Sources */ = {isa = PBXBuildFile; fileRef = 9402273B14C167260036A676 /* CommitFile.m */; };
		940339971528A43F004ABDDD /* SearchTableViewController.m in Sources */ = {isa = PBXBuildFile; fileRef = 940339951528A43F004ABDDD /* SearchTableViewController.m */; };
		940339981528A43F004ABDDD /* SearchTableViewController.xib in Resources */ = {isa = PBXBuildFile; fileRef = 940339961528A43F004ABDDD /* SearchTableViewController.xib */; };
		9403399B1528B4C6004ABDDD /* UITableViewCell+Repository.m in Sources */ = {isa = PBXBuildFile; fileRef = 9403399A1528B4C6004ABDDD /* UITableViewCell+Repository.m */; };
		9403399F1528C8D5004ABDDD /* RepositoryListViewController.m in Sources */ = {isa = PBXBuildFile; fileRef = 9403399D1528C8D5004ABDDD /* RepositoryListViewController.m */; };
		940339A01528C8D5004ABDDD /* RepositoryListViewController.xib in Resources */ = {isa = PBXBuildFile; fileRef = 9403399E1528C8D5004ABDDD /* RepositoryListViewController.xib */; };
		9404B4FC150CB38E0077BA8E /* UITableViewCell+CommitFile.m in Sources */ = {isa = PBXBuildFile; fileRef = 9404B4FB150CB38E0077BA8E /* UITableViewCell+CommitFile.m */; };
		9404B500150CE6F70077BA8E /* UITableViewCell+PullRequest.m in Sources */ = {isa = PBXBuildFile; fileRef = 9404B4FF150CE6F70077BA8E /* UITableViewCell+PullRequest.m */; };
		940AF85F159B7A8A00F8A5EB /* Twitter.framework in Frameworks */ = {isa = PBXBuildFile; fileRef = 940AF85E159B7A8A00F8A5EB /* Twitter.framework */; };
		940AF862159BAD7200F8A5EB /* MessageUI.framework in Frameworks */ = {isa = PBXBuildFile; fileRef = 940AF861159BAD7200F8A5EB /* MessageUI.framework */; };
		941C052A15A03FF1009B772A /* RPShareUrlController.m in Sources */ = {isa = PBXBuildFile; fileRef = 941C052915A03FF1009B772A /* RPShareUrlController.m */; };
		941FCF8A150E18A10046F72F /* Icon.png in Resources */ = {isa = PBXBuildFile; fileRef = 941FCF89150E18A10046F72F /* Icon.png */; };
		941FCF8C150E1A5C0046F72F /* Icon@2x.png in Resources */ = {isa = PBXBuildFile; fileRef = 941FCF8B150E1A5C0046F72F /* Icon@2x.png */; };
		941FCF94150EAD1A0046F72F /* PullRequestRootViewController.m in Sources */ = {isa = PBXBuildFile; fileRef = 941FCF92150EAD1A0046F72F /* PullRequestRootViewController.m */; };
		941FCF991510980E0046F72F /* PullRequestReviewTableViewController.m in Sources */ = {isa = PBXBuildFile; fileRef = 941FCF981510980E0046F72F /* PullRequestReviewTableViewController.m */; };
		942130C414B455C000969D38 /* NetworkProxy.m in Sources */ = {isa = PBXBuildFile; fileRef = 942130BF14B455C000969D38 /* NetworkProxy.m */; };
		942130C514B455C000969D38 /* RepoBrowserTableViewController.m in Sources */ = {isa = PBXBuildFile; fileRef = 942130C114B455C000969D38 /* RepoBrowserTableViewController.m */; };
		942130C614B455C000969D38 /* Repository.m in Sources */ = {isa = PBXBuildFile; fileRef = 942130C314B455C000969D38 /* Repository.m */; };
		942130C914B4584B00969D38 /* RepoBrowserTableViewController.xib in Resources */ = {isa = PBXBuildFile; fileRef = 942130C814B4584B00969D38 /* RepoBrowserTableViewController.xib */; };
		9424DE5214B9D97300B6538E /* SettingsViewController.m in Sources */ = {isa = PBXBuildFile; fileRef = 9424DE5014B9D97300B6538E /* SettingsViewController.m */; };
		9424DE5314B9D97300B6538E /* SettingsViewController.xib in Resources */ = {isa = PBXBuildFile; fileRef = 9424DE5114B9D97300B6538E /* SettingsViewController.xib */; };
		9424DE5614B9FEDF00B6538E /* Settings.m in Sources */ = {isa = PBXBuildFile; fileRef = 9424DE5514B9FEDF00B6538E /* Settings.m */; };
		942CBD6014B5A1B80047F712 /* Tree.m in Sources */ = {isa = PBXBuildFile; fileRef = 942CBD5F14B5A1B80047F712 /* Tree.m */; };
		942CBD6414B607990047F712 /* Blob.m in Sources */ = {isa = PBXBuildFile; fileRef = 942CBD6314B607990047F712 /* Blob.m */; };
		942CBD6814B6116A0047F712 /* BlobViewController.m in Sources */ = {isa = PBXBuildFile; fileRef = 942CBD6614B6116A0047F712 /* BlobViewController.m */; };
		942CBD6914B6116A0047F712 /* BlobViewController.xib in Resources */ = {isa = PBXBuildFile; fileRef = 942CBD6714B6116A0047F712 /* BlobViewController.xib */; };
		9435DC2414C935D800E0B15B /* CommitHistoryList.m in Sources */ = {isa = PBXBuildFile; fileRef = 9435DC2314C935D800E0B15B /* CommitHistoryList.m */; };
		94435C1114B772BB0037CF87 /* BranchesBrowserViewController.m in Sources */ = {isa = PBXBuildFile; fileRef = 94435C0F14B772BB0037CF87 /* BranchesBrowserViewController.m */; };
		94435C1214B772BB0037CF87 /* BranchesBrowserViewController.xib in Resources */ = {isa = PBXBuildFile; fileRef = 94435C1014B772BB0037CF87 /* BranchesBrowserViewController.xib */; };
		9445E35B14B6198300BB929C /* NSData+Base64.m in Sources */ = {isa = PBXBuildFile; fileRef = 9445E35A14B6198300BB929C /* NSData+Base64.m */; };
		944D6662151FBEDB002208FB /* PersonViewController.m in Sources */ = {isa = PBXBuildFile; fileRef = 944D6661151FBEDB002208FB /* PersonViewController.m */; };
		944D6664151FC034002208FB /* PersonViewController.xib in Resources */ = {isa = PBXBuildFile; fileRef = 944D6663151FC034002208FB /* PersonViewController.xib */; };
		945271BB14D5813B00F5610D /* UIRepositoryRootViewController.m in Sources */ = {isa = PBXBuildFile; fileRef = 945271B914D5813B00F5610D /* UIRepositoryRootViewController.m */; };
		945271C614D74A3100F5610D /* UITreeRootViewController.m in Sources */ = {isa = PBXBuildFile; fileRef = 945271C414D74A3100F5610D /* UITreeRootViewController.m */; };
		945C25F614E86D6F00479D21 /* HistoryList.m in Sources */ = {isa = PBXBuildFile; fileRef = 945C25F514E86D6F00479D21 /* HistoryList.m */; };
		945FE31E14B866F60099FD84 /* StringQueue.m in Sources */ = {isa = PBXBuildFile; fileRef = 945FE31D14B866F60099FD84 /* StringQueue.m */; };
		946045E71512465000C2E44D /* PullRequestCommentViewController.xib in Resources */ = {isa = PBXBuildFile; fileRef = 946045E61512465000C2E44D /* PullRequestCommentViewController.xib */; };
		9466DBD414B7ACCD00238151 /* Branch.m in Sources */ = {isa = PBXBuildFile; fileRef = 9466DBD314B7ACCD00238151 /* Branch.m */; };
		9466DBD914B7B77800238151 /* BranchViewController.m in Sources */ = {isa = PBXBuildFile; fileRef = 9466DBD714B7B77800238151 /* BranchViewController.m */; };
		9466DBDA14B7B77800238151 /* BranchViewController.xib in Resources */ = {isa = PBXBuildFile; fileRef = 9466DBD814B7B77800238151 /* BranchViewController.xib */; };
		946CB2A714B4651700BBFDAD /* Person.m in Sources */ = {isa = PBXBuildFile; fileRef = 946CB2A614B4651700BBFDAD /* Person.m */; };
		946CB2AB14B4796000BBFDAD /* Commit.m in Sources */ = {isa = PBXBuildFile; fileRef = 946CB2AA14B4796000BBFDAD /* Commit.m */; };
		946CB2AF14B48E6000BBFDAD /* TreeViewController.m in Sources */ = {isa = PBXBuildFile; fileRef = 946CB2AD14B48E6000BBFDAD /* TreeViewController.m */; };
		946CB2B014B48E6000BBFDAD /* TreeViewController.xib in Resources */ = {isa = PBXBuildFile; fileRef = 946CB2AE14B48E6000BBFDAD /* TreeViewController.xib */; };
		947B76C11618523500E9A9A3 /* RPOpenInSafariActivity.m in Sources */ = {isa = PBXBuildFile; fileRef = 947B76C01618523500E9A9A3 /* RPOpenInSafariActivity.m */; };
		947B76CB16187CAB00E9A9A3 /* RPFollowPersonActivity.m in Sources */ = {isa = PBXBuildFile; fileRef = 947B76CA16187CAB00E9A9A3 /* RPFollowPersonActivity.m */; };
		947B76D7161C6E7300E9A9A3 /* follow.png in Resources */ = {isa = PBXBuildFile; fileRef = 947B76D5161C6E7300E9A9A3 /* follow.png */; };
		947B76D8161C6E7300E9A9A3 /* follow@2x.png in Resources */ = {isa = PBXBuildFile; fileRef = 947B76D6161C6E7300E9A9A3 /* follow@2x.png */; };
		947B76DC161C6FA000E9A9A3 /* unfollow.png in Resources */ = {isa = PBXBuildFile; fileRef = 947B76DA161C6FA000E9A9A3 /* unfollow.png */; };
		947B76DD161C6FA000E9A9A3 /* unfollow@2x.png in Resources */ = {isa = PBXBuildFile; fileRef = 947B76DB161C6FA000E9A9A3 /* unfollow@2x.png */; };
		947B76E4161C731200E9A9A3 /* openinsafari.png in Resources */ = {isa = PBXBuildFile; fileRef = 947B76E2161C731200E9A9A3 /* openinsafari.png */; };
		947B76E5161C731200E9A9A3 /* openinsafari@2x.png in Resources */ = {isa = PBXBuildFile; fileRef = 947B76E3161C731200E9A9A3 /* openinsafari@2x.png */; };
		947B76E9161C7AB300E9A9A3 /* RPShowObjectHistoryActivity.m in Sources */ = {isa = PBXBuildFile; fileRef = 947B76E8161C7AB300E9A9A3 /* RPShowObjectHistoryActivity.m */; };
		947B76EC161C846100E9A9A3 /* history.png in Resources */ = {isa = PBXBuildFile; fileRef = 947B76EA161C846100E9A9A3 /* history.png */; };
		947B76ED161C846100E9A9A3 /* history@2x.png in Resources */ = {isa = PBXBuildFile; fileRef = 947B76EB161C846100E9A9A3 /* history@2x.png */; };
		9491EE3E151658550050C424 /* PullToRefreshTableViewController.m in Sources */ = {isa = PBXBuildFile; fileRef = 9491EE3D151658550050C424 /* PullToRefreshTableViewController.m */; };
		949DB8D014F1522D000BE743 /* RepositoryStorage.m in Sources */ = {isa = PBXBuildFile; fileRef = 949DB8CF14F1522D000BE743 /* RepositoryStorage.m */; };
		949F5071151E4EF5009D5DC3 /* NSString+ISO8601Parsing.m in Sources */ = {isa = PBXBuildFile; fileRef = 949F5070151E4EF5009D5DC3 /* NSString+ISO8601Parsing.m */; };
		949FB13414B3327800D3E713 /* UIKit.framework in Frameworks */ = {isa = PBXBuildFile; fileRef = 949FB13314B3327800D3E713 /* UIKit.framework */; };
		949FB13614B3327800D3E713 /* Foundation.framework in Frameworks */ = {isa = PBXBuildFile; fileRef = 949FB13514B3327800D3E713 /* Foundation.framework */; };
		949FB13814B3327800D3E713 /* CoreGraphics.framework in Frameworks */ = {isa = PBXBuildFile; fileRef = 949FB13714B3327800D3E713 /* CoreGraphics.framework */; };
		949FB13E14B3327800D3E713 /* InfoPlist.strings in Resources */ = {isa = PBXBuildFile; fileRef = 949FB13C14B3327800D3E713 /* InfoPlist.strings */; };
		949FB14014B3327800D3E713 /* main.m in Sources */ = {isa = PBXBuildFile; fileRef = 949FB13F14B3327800D3E713 /* main.m */; };
		949FB14414B3327800D3E713 /* AppDelegate.m in Sources */ = {isa = PBXBuildFile; fileRef = 949FB14314B3327800D3E713 /* AppDelegate.m */; };
		949FB14914B3327800D3E713 /* first.png in Resources */ = {isa = PBXBuildFile; fileRef = 949FB14814B3327800D3E713 /* first.png */; };
		949FB14B14B3327800D3E713 /* first@2x.png in Resources */ = {isa = PBXBuildFile; fileRef = 949FB14A14B3327800D3E713 /* first@2x.png */; };
		949FB15014B3327800D3E713 /* second.png in Resources */ = {isa = PBXBuildFile; fileRef = 949FB14F14B3327800D3E713 /* second.png */; };
		949FB15214B3327800D3E713 /* second@2x.png in Resources */ = {isa = PBXBuildFile; fileRef = 949FB15114B3327800D3E713 /* second@2x.png */; };
		949FB510158E6855009EB750 /* IssueRootViewController.m in Sources */ = {isa = PBXBuildFile; fileRef = 949FB50F158E6855009EB750 /* IssueRootViewController.m */; };
		94A12FD914BB972A00453774 /* CommitViewController.m in Sources */ = {isa = PBXBuildFile; fileRef = 94A12FD714BB972A00453774 /* CommitViewController.m */; };
		94A12FDA14BB972A00453774 /* CommitViewController.xib in Resources */ = {isa = PBXBuildFile; fileRef = 94A12FD814BB972A00453774 /* CommitViewController.xib */; };
		94AB35B3158A8FFF00FFE1C6 /* IssueViewController.m in Sources */ = {isa = PBXBuildFile; fileRef = 94AB35B2158A8FFF00FFE1C6 /* IssueViewController.m */; };
		94AB82291534CC66008E0FE7 /* default@2x.png in Resources */ = {isa = PBXBuildFile; fileRef = 94AB82281534CC66008E0FE7 /* default@2x.png */; };
		94AB822D1534CE8A008E0FE7 /* default.png in Resources */ = {isa = PBXBuildFile; fileRef = 94AB822C1534CE8A008E0FE7 /* default.png */; };
		94B9880814B72986007AA6A6 /* RepositoryViewController.m in Sources */ = {isa = PBXBuildFile; fileRef = 94B9880614B72986007AA6A6 /* RepositoryViewController.m */; };
		94B9880914B72986007AA6A6 /* RepositoryViewController.xib in Resources */ = {isa = PBXBuildFile; fileRef = 94B9880714B72986007AA6A6 /* RepositoryViewController.xib */; };
		94BCF2D0150A7050005EA1BD /* PullRequest.m in Sources */ = {isa = PBXBuildFile; fileRef = 94BCF2CF150A7050005EA1BD /* PullRequest.m */; };
		94BCF2D4150A7375005EA1BD /* PullRequestListTableViewController.m in Sources */ = {isa = PBXBuildFile; fileRef = 94BCF2D2150A7375005EA1BD /* PullRequestListTableViewController.m */; };
		94BCF2E1150B5430005EA1BD /* PullRequestTableViewController.m in Sources */ = {isa = PBXBuildFile; fileRef = 94BCF2DF150B5430005EA1BD /* PullRequestTableViewController.m */; };
		94BE828F15F543B50017346E /* NSDictionary+RPJSONObjectAccess.m in Sources */ = {isa = PBXBuildFile; fileRef = 94BE828E15F543B50017346E /* NSDictionary+RPJSONObjectAccess.m */; };
		94C2F9FC158CBEDF0006640F /* QuartzCore.framework in Frameworks */ = {isa = PBXBuildFile; fileRef = 94C2F9FB158CBEDF0006640F /* QuartzCore.framework */; };
		94C2F9FD158CBFE40006640F /* RPFlickViewController.m in Sources */ = {isa = PBXBuildFile; fileRef = 94C2F9FA158CBE070006640F /* RPFlickViewController.m */; };
		94C6566D15025FAD00E85813 /* UITableViewCell+GithubEvent.m in Sources */ = {isa = PBXBuildFile; fileRef = 94C6566C15025FAD00E85813 /* UITableViewCell+GithubEvent.m */; };
		94C656711503727D00E85813 /* UITableViewCell+Person.m in Sources */ = {isa = PBXBuildFile; fileRef = 94C656701503727D00E85813 /* UITableViewCell+Person.m */; };
		94C8AE74160385900026FD9E /* Default-568h@2x.png in Resources */ = {isa = PBXBuildFile; fileRef = 94C8AE73160385900026FD9E /* Default-568h@2x.png */; };
		94C8AE7616038C540026FD9E /* CoreText.framework in Frameworks */ = {isa = PBXBuildFile; fileRef = 94C8AE7516038C540026FD9E /* CoreText.framework */; };
		94CC3C3B1523B31B00F4B25B /* PersonListTableViewController.m in Sources */ = {isa = PBXBuildFile; fileRef = 94CC3C391523B31B00F4B25B /* PersonListTableViewController.m */; };
		94CC3C3C1523B31B00F4B25B /* PersonListTableViewController.xib in Resources */ = {isa = PBXBuildFile; fileRef = 94CC3C3A1523B31B00F4B25B /* PersonListTableViewController.xib */; };
		94CCEDF815951AF700D5D810 /* EventRootViewController.m in Sources */ = {isa = PBXBuildFile; fileRef = 94CCEDF715951AF700D5D810 /* EventRootViewController.m */; };
		94D50E0A14E472D6000C92E2 /* EventTableViewController.m in Sources */ = {isa = PBXBuildFile; fileRef = 94D50E0814E472D6000C92E2 /* EventTableViewController.m */; };
		94D50E0B14E472D6000C92E2 /* EventTableViewController.xib in Resources */ = {isa = PBXBuildFile; fileRef = 94D50E0914E472D6000C92E2 /* EventTableViewController.xib */; };
		94D50E0E14E478D7000C92E2 /* GithubEvent.m in Sources */ = {isa = PBXBuildFile; fileRef = 94D50E0D14E478D7000C92E2 /* GithubEvent.m */; };
		94E9F5F0151E747100AF5DD2 /* UITableViewCell+Commit.m in Sources */ = {isa = PBXBuildFile; fileRef = 94E9F5EF151E747100AF5DD2 /* UITableViewCell+Commit.m */; };
		94EF40771543FEAB002FA8B5 /* IssueListViewController.m in Sources */ = {isa = PBXBuildFile; fileRef = 94EF40751543FEAB002FA8B5 /* IssueListViewController.m */; };
		94EF40781543FEAB002FA8B5 /* IssueListViewController.xib in Resources */ = {isa = PBXBuildFile; fileRef = 94EF40761543FEAB002FA8B5 /* IssueListViewController.xib */; };
		94EF407B15440079002FA8B5 /* Issue.m in Sources */ = {isa = PBXBuildFile; fileRef = 94EF407A15440079002FA8B5 /* Issue.m */; };
		94F78EEE1511FCBE0066A3E0 /* PullRequestCommentViewController.m in Sources */ = {isa = PBXBuildFile; fileRef = 94F78EED1511FCBE0066A3E0 /* PullRequestCommentViewController.m */; };
		94F78EF015120F490066A3E0 /* PullRequestAddCommentViewController.xib in Resources */ = {isa = PBXBuildFile; fileRef = 94F78EEF15120F480066A3E0 /* PullRequestAddCommentViewController.xib */; };
		94FAB63A152F32EC00C89D7C /* CommitComment.m in Sources */ = {isa = PBXBuildFile; fileRef = 94FAB639152F32EC00C89D7C /* CommitComment.m */; };
		94FAB6411530E6C400C89D7C /* Comment@2x.png in Resources */ = {isa = PBXBuildFile; fileRef = 94FAB6401530E6C400C89D7C /* Comment@2x.png */; };
		94FAB6431530E91F00C89D7C /* Comment.png in Resources */ = {isa = PBXBuildFile; fileRef = 94FAB6421530E91F00C89D7C /* Comment.png */; };
		94FAB6471531A2A500C89D7C /* background.png in Resources */ = {isa = PBXBuildFile; fileRef = 94FAB6461531A2A400C89D7C /* background.png */; };
		94FAB6491531A2FE00C89D7C /* background@2x.png in Resources */ = {isa = PBXBuildFile; fileRef = 94FAB6481531A2FA00C89D7C /* background@2x.png */; };
		94FAB6501532359D00C89D7C /* settings.png in Resources */ = {isa = PBXBuildFile; fileRef = 94FAB64E1532359D00C89D7C /* settings.png */; };
		94FAB6511532359D00C89D7C /* settings@2x.png in Resources */ = {isa = PBXBuildFile; fileRef = 94FAB64F1532359D00C89D7C /* settings@2x.png */; };
		94FAB65F15337F8400C89D7C /* InfoPlist.strings in Resources */ = {isa = PBXBuildFile; fileRef = 94FAB65915337F8400C89D7C /* InfoPlist.strings */; };
		94FAB66015337F8400C89D7C /* Localizable.strings in Resources */ = {isa = PBXBuildFile; fileRef = 94FAB65B15337F8400C89D7C /* Localizable.strings */; };
/* End PBXBuildFile section */

/* Begin PBXFileReference section */
		9402273A14C167260036A676 /* CommitFile.h */ = {isa = PBXFileReference; fileEncoding = 4; lastKnownFileType = sourcecode.c.h; path = CommitFile.h; sourceTree = "<group>"; };
		9402273B14C167260036A676 /* CommitFile.m */ = {isa = PBXFileReference; fileEncoding = 4; lastKnownFileType = sourcecode.c.objc; path = CommitFile.m; sourceTree = "<group>"; };
		940339941528A43F004ABDDD /* SearchTableViewController.h */ = {isa = PBXFileReference; fileEncoding = 4; lastKnownFileType = sourcecode.c.h; path = SearchTableViewController.h; sourceTree = "<group>"; };
		940339951528A43F004ABDDD /* SearchTableViewController.m */ = {isa = PBXFileReference; fileEncoding = 4; lastKnownFileType = sourcecode.c.objc; path = SearchTableViewController.m; sourceTree = "<group>"; };
		940339961528A43F004ABDDD /* SearchTableViewController.xib */ = {isa = PBXFileReference; fileEncoding = 4; lastKnownFileType = file.xib; path = SearchTableViewController.xib; sourceTree = "<group>"; };
		940339991528B4C6004ABDDD /* UITableViewCell+Repository.h */ = {isa = PBXFileReference; fileEncoding = 4; lastKnownFileType = sourcecode.c.h; path = "UITableViewCell+Repository.h"; sourceTree = "<group>"; };
		9403399A1528B4C6004ABDDD /* UITableViewCell+Repository.m */ = {isa = PBXFileReference; fileEncoding = 4; lastKnownFileType = sourcecode.c.objc; path = "UITableViewCell+Repository.m"; sourceTree = "<group>"; };
		9403399C1528C8D5004ABDDD /* RepositoryListViewController.h */ = {isa = PBXFileReference; fileEncoding = 4; lastKnownFileType = sourcecode.c.h; path = RepositoryListViewController.h; sourceTree = "<group>"; };
		9403399D1528C8D5004ABDDD /* RepositoryListViewController.m */ = {isa = PBXFileReference; fileEncoding = 4; lastKnownFileType = sourcecode.c.objc; path = RepositoryListViewController.m; sourceTree = "<group>"; };
		9403399E1528C8D5004ABDDD /* RepositoryListViewController.xib */ = {isa = PBXFileReference; fileEncoding = 4; lastKnownFileType = file.xib; path = RepositoryListViewController.xib; sourceTree = "<group>"; };
		9404B4FA150CB38E0077BA8E /* UITableViewCell+CommitFile.h */ = {isa = PBXFileReference; fileEncoding = 4; lastKnownFileType = sourcecode.c.h; path = "UITableViewCell+CommitFile.h"; sourceTree = "<group>"; };
		9404B4FB150CB38E0077BA8E /* UITableViewCell+CommitFile.m */ = {isa = PBXFileReference; fileEncoding = 4; lastKnownFileType = sourcecode.c.objc; path = "UITableViewCell+CommitFile.m"; sourceTree = "<group>"; };
		9404B4FE150CE6F70077BA8E /* UITableViewCell+PullRequest.h */ = {isa = PBXFileReference; fileEncoding = 4; lastKnownFileType = sourcecode.c.h; path = "UITableViewCell+PullRequest.h"; sourceTree = "<group>"; };
		9404B4FF150CE6F70077BA8E /* UITableViewCell+PullRequest.m */ = {isa = PBXFileReference; fileEncoding = 4; lastKnownFileType = sourcecode.c.objc; path = "UITableViewCell+PullRequest.m"; sourceTree = "<group>"; };
		940AF85E159B7A8A00F8A5EB /* Twitter.framework */ = {isa = PBXFileReference; lastKnownFileType = wrapper.framework; name = Twitter.framework; path = System/Library/Frameworks/Twitter.framework; sourceTree = SDKROOT; };
		940AF861159BAD7200F8A5EB /* MessageUI.framework */ = {isa = PBXFileReference; lastKnownFileType = wrapper.framework; name = MessageUI.framework; path = System/Library/Frameworks/MessageUI.framework; sourceTree = SDKROOT; };
		941C052815A03FF1009B772A /* RPShareUrlController.h */ = {isa = PBXFileReference; fileEncoding = 4; lastKnownFileType = sourcecode.c.h; path = RPShareUrlController.h; sourceTree = "<group>"; };
		941C052915A03FF1009B772A /* RPShareUrlController.m */ = {isa = PBXFileReference; fileEncoding = 4; lastKnownFileType = sourcecode.c.objc; path = RPShareUrlController.m; sourceTree = "<group>"; };
		941FCF89150E18A10046F72F /* Icon.png */ = {isa = PBXFileReference; lastKnownFileType = image.png; path = Icon.png; sourceTree = "<group>"; };
		941FCF8B150E1A5C0046F72F /* Icon@2x.png */ = {isa = PBXFileReference; lastKnownFileType = image.png; path = "Icon@2x.png"; sourceTree = "<group>"; };
		941FCF91150EAD1A0046F72F /* PullRequestRootViewController.h */ = {isa = PBXFileReference; fileEncoding = 4; lastKnownFileType = sourcecode.c.h; path = PullRequestRootViewController.h; sourceTree = "<group>"; };
		941FCF92150EAD1A0046F72F /* PullRequestRootViewController.m */ = {isa = PBXFileReference; fileEncoding = 4; lastKnownFileType = sourcecode.c.objc; path = PullRequestRootViewController.m; sourceTree = "<group>"; };
		941FCF971510980E0046F72F /* PullRequestReviewTableViewController.h */ = {isa = PBXFileReference; fileEncoding = 4; lastKnownFileType = sourcecode.c.h; path = PullRequestReviewTableViewController.h; sourceTree = "<group>"; };
		941FCF981510980E0046F72F /* PullRequestReviewTableViewController.m */ = {isa = PBXFileReference; fileEncoding = 4; lastKnownFileType = sourcecode.c.objc; path = PullRequestReviewTableViewController.m; sourceTree = "<group>"; };
		942130BE14B455C000969D38 /* NetworkProxy.h */ = {isa = PBXFileReference; fileEncoding = 4; lastKnownFileType = sourcecode.c.h; path = NetworkProxy.h; sourceTree = "<group>"; };
		942130BF14B455C000969D38 /* NetworkProxy.m */ = {isa = PBXFileReference; fileEncoding = 4; lastKnownFileType = sourcecode.c.objc; path = NetworkProxy.m; sourceTree = "<group>"; };
		942130C014B455C000969D38 /* RepoBrowserTableViewController.h */ = {isa = PBXFileReference; fileEncoding = 4; lastKnownFileType = sourcecode.c.h; path = RepoBrowserTableViewController.h; sourceTree = "<group>"; };
		942130C114B455C000969D38 /* RepoBrowserTableViewController.m */ = {isa = PBXFileReference; fileEncoding = 4; lastKnownFileType = sourcecode.c.objc; path = RepoBrowserTableViewController.m; sourceTree = "<group>"; };
		942130C214B455C000969D38 /* Repository.h */ = {isa = PBXFileReference; fileEncoding = 4; lastKnownFileType = sourcecode.c.h; path = Repository.h; sourceTree = "<group>"; };
		942130C314B455C000969D38 /* Repository.m */ = {isa = PBXFileReference; fileEncoding = 4; lastKnownFileType = sourcecode.c.objc; path = Repository.m; sourceTree = "<group>"; };
		942130C814B4584B00969D38 /* RepoBrowserTableViewController.xib */ = {isa = PBXFileReference; fileEncoding = 4; lastKnownFileType = file.xib; path = RepoBrowserTableViewController.xib; sourceTree = "<group>"; };
		9424DE4F14B9D97300B6538E /* SettingsViewController.h */ = {isa = PBXFileReference; fileEncoding = 4; lastKnownFileType = sourcecode.c.h; path = SettingsViewController.h; sourceTree = "<group>"; };
		9424DE5014B9D97300B6538E /* SettingsViewController.m */ = {isa = PBXFileReference; fileEncoding = 4; lastKnownFileType = sourcecode.c.objc; path = SettingsViewController.m; sourceTree = "<group>"; };
		9424DE5114B9D97300B6538E /* SettingsViewController.xib */ = {isa = PBXFileReference; fileEncoding = 4; lastKnownFileType = file.xib; path = SettingsViewController.xib; sourceTree = "<group>"; };
		9424DE5414B9FEDF00B6538E /* Settings.h */ = {isa = PBXFileReference; fileEncoding = 4; lastKnownFileType = sourcecode.c.h; path = Settings.h; sourceTree = "<group>"; };
		9424DE5514B9FEDF00B6538E /* Settings.m */ = {isa = PBXFileReference; fileEncoding = 4; lastKnownFileType = sourcecode.c.objc; path = Settings.m; sourceTree = "<group>"; };
		942CBD5E14B5A1B80047F712 /* Tree.h */ = {isa = PBXFileReference; fileEncoding = 4; lastKnownFileType = sourcecode.c.h; path = Tree.h; sourceTree = "<group>"; };
		942CBD5F14B5A1B80047F712 /* Tree.m */ = {isa = PBXFileReference; fileEncoding = 4; lastKnownFileType = sourcecode.c.objc; path = Tree.m; sourceTree = "<group>"; };
		942CBD6214B607990047F712 /* Blob.h */ = {isa = PBXFileReference; fileEncoding = 4; lastKnownFileType = sourcecode.c.h; path = Blob.h; sourceTree = "<group>"; };
		942CBD6314B607990047F712 /* Blob.m */ = {isa = PBXFileReference; fileEncoding = 4; lastKnownFileType = sourcecode.c.objc; path = Blob.m; sourceTree = "<group>"; };
		942CBD6514B6116A0047F712 /* BlobViewController.h */ = {isa = PBXFileReference; fileEncoding = 4; lastKnownFileType = sourcecode.c.h; path = BlobViewController.h; sourceTree = "<group>"; };
		942CBD6614B6116A0047F712 /* BlobViewController.m */ = {isa = PBXFileReference; fileEncoding = 4; lastKnownFileType = sourcecode.c.objc; path = BlobViewController.m; sourceTree = "<group>"; };
		942CBD6714B6116A0047F712 /* BlobViewController.xib */ = {isa = PBXFileReference; fileEncoding = 4; lastKnownFileType = file.xib; path = BlobViewController.xib; sourceTree = "<group>"; };
		9435DC2214C935D800E0B15B /* CommitHistoryList.h */ = {isa = PBXFileReference; fileEncoding = 4; lastKnownFileType = sourcecode.c.h; path = CommitHistoryList.h; sourceTree = "<group>"; };
		9435DC2314C935D800E0B15B /* CommitHistoryList.m */ = {isa = PBXFileReference; fileEncoding = 4; lastKnownFileType = sourcecode.c.objc; path = CommitHistoryList.m; sourceTree = "<group>"; };
		94435C0E14B772BB0037CF87 /* BranchesBrowserViewController.h */ = {isa = PBXFileReference; fileEncoding = 4; lastKnownFileType = sourcecode.c.h; path = BranchesBrowserViewController.h; sourceTree = "<group>"; };
		94435C0F14B772BB0037CF87 /* BranchesBrowserViewController.m */ = {isa = PBXFileReference; fileEncoding = 4; lastKnownFileType = sourcecode.c.objc; path = BranchesBrowserViewController.m; sourceTree = "<group>"; };
		94435C1014B772BB0037CF87 /* BranchesBrowserViewController.xib */ = {isa = PBXFileReference; fileEncoding = 4; lastKnownFileType = file.xib; path = BranchesBrowserViewController.xib; sourceTree = "<group>"; };
		9445E35914B6198300BB929C /* NSData+Base64.h */ = {isa = PBXFileReference; fileEncoding = 4; lastKnownFileType = sourcecode.c.h; path = "NSData+Base64.h"; sourceTree = "<group>"; };
		9445E35A14B6198300BB929C /* NSData+Base64.m */ = {isa = PBXFileReference; fileEncoding = 4; lastKnownFileType = sourcecode.c.objc; path = "NSData+Base64.m"; sourceTree = "<group>"; };
		944D6660151FBEDB002208FB /* PersonViewController.h */ = {isa = PBXFileReference; fileEncoding = 4; lastKnownFileType = sourcecode.c.h; path = PersonViewController.h; sourceTree = "<group>"; };
		944D6661151FBEDB002208FB /* PersonViewController.m */ = {isa = PBXFileReference; fileEncoding = 4; lastKnownFileType = sourcecode.c.objc; path = PersonViewController.m; sourceTree = "<group>"; };
		944D6663151FC034002208FB /* PersonViewController.xib */ = {isa = PBXFileReference; fileEncoding = 4; lastKnownFileType = file.xib; path = PersonViewController.xib; sourceTree = "<group>"; };
		945271B814D5813B00F5610D /* UIRepositoryRootViewController.h */ = {isa = PBXFileReference; fileEncoding = 4; lastKnownFileType = sourcecode.c.h; path = UIRepositoryRootViewController.h; sourceTree = "<group>"; };
		945271B914D5813B00F5610D /* UIRepositoryRootViewController.m */ = {isa = PBXFileReference; fileEncoding = 4; lastKnownFileType = sourcecode.c.objc; path = UIRepositoryRootViewController.m; sourceTree = "<group>"; };
		945271C314D74A3100F5610D /* UITreeRootViewController.h */ = {isa = PBXFileReference; fileEncoding = 4; lastKnownFileType = sourcecode.c.h; path = UITreeRootViewController.h; sourceTree = "<group>"; };
		945271C414D74A3100F5610D /* UITreeRootViewController.m */ = {isa = PBXFileReference; fileEncoding = 4; lastKnownFileType = sourcecode.c.objc; path = UITreeRootViewController.m; sourceTree = "<group>"; };
		945C25F414E86D6F00479D21 /* HistoryList.h */ = {isa = PBXFileReference; fileEncoding = 4; lastKnownFileType = sourcecode.c.h; path = HistoryList.h; sourceTree = "<group>"; };
		945C25F514E86D6F00479D21 /* HistoryList.m */ = {isa = PBXFileReference; fileEncoding = 4; lastKnownFileType = sourcecode.c.objc; path = HistoryList.m; sourceTree = "<group>"; };
		945FE31C14B866F60099FD84 /* StringQueue.h */ = {isa = PBXFileReference; fileEncoding = 4; lastKnownFileType = sourcecode.c.h; path = StringQueue.h; sourceTree = "<group>"; };
		945FE31D14B866F60099FD84 /* StringQueue.m */ = {isa = PBXFileReference; fileEncoding = 4; lastKnownFileType = sourcecode.c.objc; path = StringQueue.m; sourceTree = "<group>"; };
		946045E61512465000C2E44D /* PullRequestCommentViewController.xib */ = {isa = PBXFileReference; fileEncoding = 4; lastKnownFileType = file.xib; path = PullRequestCommentViewController.xib; sourceTree = "<group>"; };
		9466DBD214B7ACCD00238151 /* Branch.h */ = {isa = PBXFileReference; fileEncoding = 4; lastKnownFileType = sourcecode.c.h; path = Branch.h; sourceTree = "<group>"; };
		9466DBD314B7ACCD00238151 /* Branch.m */ = {isa = PBXFileReference; fileEncoding = 4; lastKnownFileType = sourcecode.c.objc; path = Branch.m; sourceTree = "<group>"; };
		9466DBD614B7B77800238151 /* BranchViewController.h */ = {isa = PBXFileReference; fileEncoding = 4; lastKnownFileType = sourcecode.c.h; path = BranchViewController.h; sourceTree = "<group>"; };
		9466DBD714B7B77800238151 /* BranchViewController.m */ = {isa = PBXFileReference; fileEncoding = 4; lastKnownFileType = sourcecode.c.objc; path = BranchViewController.m; sourceTree = "<group>"; };
		9466DBD814B7B77800238151 /* BranchViewController.xib */ = {isa = PBXFileReference; fileEncoding = 4; lastKnownFileType = file.xib; path = BranchViewController.xib; sourceTree = "<group>"; };
		946CB2A514B4651700BBFDAD /* Person.h */ = {isa = PBXFileReference; fileEncoding = 4; lastKnownFileType = sourcecode.c.h; path = Person.h; sourceTree = "<group>"; };
		946CB2A614B4651700BBFDAD /* Person.m */ = {isa = PBXFileReference; fileEncoding = 4; lastKnownFileType = sourcecode.c.objc; path = Person.m; sourceTree = "<group>"; };
		946CB2A914B4796000BBFDAD /* Commit.h */ = {isa = PBXFileReference; fileEncoding = 4; lastKnownFileType = sourcecode.c.h; path = Commit.h; sourceTree = "<group>"; };
		946CB2AA14B4796000BBFDAD /* Commit.m */ = {isa = PBXFileReference; fileEncoding = 4; lastKnownFileType = sourcecode.c.objc; path = Commit.m; sourceTree = "<group>"; };
		946CB2AC14B48E6000BBFDAD /* TreeViewController.h */ = {isa = PBXFileReference; fileEncoding = 4; lastKnownFileType = sourcecode.c.h; path = TreeViewController.h; sourceTree = "<group>"; };
		946CB2AD14B48E6000BBFDAD /* TreeViewController.m */ = {isa = PBXFileReference; fileEncoding = 4; lastKnownFileType = sourcecode.c.objc; path = TreeViewController.m; sourceTree = "<group>"; };
		946CB2AE14B48E6000BBFDAD /* TreeViewController.xib */ = {isa = PBXFileReference; fileEncoding = 4; lastKnownFileType = file.xib; path = TreeViewController.xib; sourceTree = "<group>"; };
		947B76BF1618523500E9A9A3 /* RPOpenInSafariActivity.h */ = {isa = PBXFileReference; fileEncoding = 4; lastKnownFileType = sourcecode.c.h; path = RPOpenInSafariActivity.h; sourceTree = "<group>"; };
		947B76C01618523500E9A9A3 /* RPOpenInSafariActivity.m */ = {isa = PBXFileReference; fileEncoding = 4; lastKnownFileType = sourcecode.c.objc; path = RPOpenInSafariActivity.m; sourceTree = "<group>"; };
		947B76C916187CAB00E9A9A3 /* RPFollowPersonActivity.h */ = {isa = PBXFileReference; fileEncoding = 4; lastKnownFileType = sourcecode.c.h; path = RPFollowPersonActivity.h; sourceTree = "<group>"; };
		947B76CA16187CAB00E9A9A3 /* RPFollowPersonActivity.m */ = {isa = PBXFileReference; fileEncoding = 4; lastKnownFileType = sourcecode.c.objc; path = RPFollowPersonActivity.m; sourceTree = "<group>"; };
		947B76D5161C6E7300E9A9A3 /* follow.png */ = {isa = PBXFileReference; lastKnownFileType = image.png; path = follow.png; sourceTree = "<group>"; };
		947B76D6161C6E7300E9A9A3 /* follow@2x.png */ = {isa = PBXFileReference; lastKnownFileType = image.png; path = "follow@2x.png"; sourceTree = "<group>"; };
		947B76DA161C6FA000E9A9A3 /* unfollow.png */ = {isa = PBXFileReference; lastKnownFileType = image.png; path = unfollow.png; sourceTree = "<group>"; };
		947B76DB161C6FA000E9A9A3 /* unfollow@2x.png */ = {isa = PBXFileReference; lastKnownFileType = image.png; path = "unfollow@2x.png"; sourceTree = "<group>"; };
		947B76E2161C731200E9A9A3 /* openinsafari.png */ = {isa = PBXFileReference; lastKnownFileType = image.png; path = openinsafari.png; sourceTree = "<group>"; };
		947B76E3161C731200E9A9A3 /* openinsafari@2x.png */ = {isa = PBXFileReference; lastKnownFileType = image.png; path = "openinsafari@2x.png"; sourceTree = "<group>"; };
		947B76E7161C7AB300E9A9A3 /* RPShowObjectHistoryActivity.h */ = {isa = PBXFileReference; fileEncoding = 4; lastKnownFileType = sourcecode.c.h; path = RPShowObjectHistoryActivity.h; sourceTree = "<group>"; };
		947B76E8161C7AB300E9A9A3 /* RPShowObjectHistoryActivity.m */ = {isa = PBXFileReference; fileEncoding = 4; lastKnownFileType = sourcecode.c.objc; path = RPShowObjectHistoryActivity.m; sourceTree = "<group>"; };
		947B76EA161C846100E9A9A3 /* history.png */ = {isa = PBXFileReference; lastKnownFileType = image.png; path = history.png; sourceTree = "<group>"; };
		947B76EB161C846100E9A9A3 /* history@2x.png */ = {isa = PBXFileReference; lastKnownFileType = image.png; path = "history@2x.png"; sourceTree = "<group>"; };
		9491EE3C151658550050C424 /* PullToRefreshTableViewController.h */ = {isa = PBXFileReference; fileEncoding = 4; lastKnownFileType = sourcecode.c.h; path = PullToRefreshTableViewController.h; sourceTree = "<group>"; };
		9491EE3D151658550050C424 /* PullToRefreshTableViewController.m */ = {isa = PBXFileReference; fileEncoding = 4; lastKnownFileType = sourcecode.c.objc; path = PullToRefreshTableViewController.m; sourceTree = "<group>"; };
		949DB8CE14F1522D000BE743 /* RepositoryStorage.h */ = {isa = PBXFileReference; fileEncoding = 4; lastKnownFileType = sourcecode.c.h; path = RepositoryStorage.h; sourceTree = "<group>"; };
		949DB8CF14F1522D000BE743 /* RepositoryStorage.m */ = {isa = PBXFileReference; fileEncoding = 4; lastKnownFileType = sourcecode.c.objc; path = RepositoryStorage.m; sourceTree = "<group>"; };
		949F506D151D2704009D5DC3 /* Hub To Go.entitlements */ = {isa = PBXFileReference; lastKnownFileType = text.xml; path = "Hub To Go.entitlements"; sourceTree = "<group>"; };
		949F506F151E4EF5009D5DC3 /* NSString+ISO8601Parsing.h */ = {isa = PBXFileReference; fileEncoding = 4; lastKnownFileType = sourcecode.c.h; path = "NSString+ISO8601Parsing.h"; sourceTree = "<group>"; };
		949F5070151E4EF5009D5DC3 /* NSString+ISO8601Parsing.m */ = {isa = PBXFileReference; fileEncoding = 4; lastKnownFileType = sourcecode.c.objc; path = "NSString+ISO8601Parsing.m"; sourceTree = "<group>"; };
		949FB12F14B3327800D3E713 /* Hub To Go.app */ = {isa = PBXFileReference; explicitFileType = wrapper.application; includeInIndex = 0; path = "Hub To Go.app"; sourceTree = BUILT_PRODUCTS_DIR; };
		949FB13314B3327800D3E713 /* UIKit.framework */ = {isa = PBXFileReference; lastKnownFileType = wrapper.framework; name = UIKit.framework; path = System/Library/Frameworks/UIKit.framework; sourceTree = SDKROOT; };
		949FB13514B3327800D3E713 /* Foundation.framework */ = {isa = PBXFileReference; lastKnownFileType = wrapper.framework; name = Foundation.framework; path = System/Library/Frameworks/Foundation.framework; sourceTree = SDKROOT; };
		949FB13714B3327800D3E713 /* CoreGraphics.framework */ = {isa = PBXFileReference; lastKnownFileType = wrapper.framework; name = CoreGraphics.framework; path = System/Library/Frameworks/CoreGraphics.framework; sourceTree = SDKROOT; };
		949FB13B14B3327800D3E713 /* Hub To Go-Info.plist */ = {isa = PBXFileReference; lastKnownFileType = text.plist.xml; path = "Hub To Go-Info.plist"; sourceTree = "<group>"; };
		949FB13D14B3327800D3E713 /* en */ = {isa = PBXFileReference; lastKnownFileType = text.plist.strings; name = en; path = en.lproj/InfoPlist.strings; sourceTree = "<group>"; };
		949FB13F14B3327800D3E713 /* main.m */ = {isa = PBXFileReference; lastKnownFileType = sourcecode.c.objc; path = main.m; sourceTree = "<group>"; };
		949FB14114B3327800D3E713 /* Hub To Go-Prefix.pch */ = {isa = PBXFileReference; lastKnownFileType = sourcecode.c.h; path = "Hub To Go-Prefix.pch"; sourceTree = "<group>"; };
		949FB14214B3327800D3E713 /* AppDelegate.h */ = {isa = PBXFileReference; lastKnownFileType = sourcecode.c.h; path = AppDelegate.h; sourceTree = "<group>"; };
		949FB14314B3327800D3E713 /* AppDelegate.m */ = {isa = PBXFileReference; lastKnownFileType = sourcecode.c.objc; path = AppDelegate.m; sourceTree = "<group>"; };
		949FB14814B3327800D3E713 /* first.png */ = {isa = PBXFileReference; lastKnownFileType = image.png; path = first.png; sourceTree = "<group>"; };
		949FB14A14B3327800D3E713 /* first@2x.png */ = {isa = PBXFileReference; lastKnownFileType = image.png; path = "first@2x.png"; sourceTree = "<group>"; };
		949FB14F14B3327800D3E713 /* second.png */ = {isa = PBXFileReference; lastKnownFileType = image.png; path = second.png; sourceTree = "<group>"; };
		949FB15114B3327800D3E713 /* second@2x.png */ = {isa = PBXFileReference; lastKnownFileType = image.png; path = "second@2x.png"; sourceTree = "<group>"; };
		949FB50E158E6855009EB750 /* IssueRootViewController.h */ = {isa = PBXFileReference; fileEncoding = 4; lastKnownFileType = sourcecode.c.h; path = IssueRootViewController.h; sourceTree = "<group>"; };
		949FB50F158E6855009EB750 /* IssueRootViewController.m */ = {isa = PBXFileReference; fileEncoding = 4; lastKnownFileType = sourcecode.c.objc; path = IssueRootViewController.m; sourceTree = "<group>"; };
		94A12FD614BB972A00453774 /* CommitViewController.h */ = {isa = PBXFileReference; fileEncoding = 4; lastKnownFileType = sourcecode.c.h; path = CommitViewController.h; sourceTree = "<group>"; };
		94A12FD714BB972A00453774 /* CommitViewController.m */ = {isa = PBXFileReference; fileEncoding = 4; lastKnownFileType = sourcecode.c.objc; path = CommitViewController.m; sourceTree = "<group>"; };
		94A12FD814BB972A00453774 /* CommitViewController.xib */ = {isa = PBXFileReference; fileEncoding = 4; lastKnownFileType = file.xib; path = CommitViewController.xib; sourceTree = "<group>"; };
		94AB35B1158A8FFF00FFE1C6 /* IssueViewController.h */ = {isa = PBXFileReference; fileEncoding = 4; lastKnownFileType = sourcecode.c.h; path = IssueViewController.h; sourceTree = "<group>"; };
		94AB35B2158A8FFF00FFE1C6 /* IssueViewController.m */ = {isa = PBXFileReference; fileEncoding = 4; lastKnownFileType = sourcecode.c.objc; path = IssueViewController.m; sourceTree = "<group>"; };
		94AB82281534CC66008E0FE7 /* default@2x.png */ = {isa = PBXFileReference; lastKnownFileType = image.png; path = "default@2x.png"; sourceTree = "<group>"; };
		94AB822C1534CE8A008E0FE7 /* default.png */ = {isa = PBXFileReference; lastKnownFileType = image.png; path = default.png; sourceTree = "<group>"; };
		94B9880514B72986007AA6A6 /* RepositoryViewController.h */ = {isa = PBXFileReference; fileEncoding = 4; lastKnownFileType = sourcecode.c.h; path = RepositoryViewController.h; sourceTree = "<group>"; };
		94B9880614B72986007AA6A6 /* RepositoryViewController.m */ = {isa = PBXFileReference; fileEncoding = 4; lastKnownFileType = sourcecode.c.objc; path = RepositoryViewController.m; sourceTree = "<group>"; };
		94B9880714B72986007AA6A6 /* RepositoryViewController.xib */ = {isa = PBXFileReference; fileEncoding = 4; lastKnownFileType = file.xib; path = RepositoryViewController.xib; sourceTree = "<group>"; };
		94BCF2CE150A7050005EA1BD /* PullRequest.h */ = {isa = PBXFileReference; fileEncoding = 4; lastKnownFileType = sourcecode.c.h; path = PullRequest.h; sourceTree = "<group>"; };
		94BCF2CF150A7050005EA1BD /* PullRequest.m */ = {isa = PBXFileReference; fileEncoding = 4; lastKnownFileType = sourcecode.c.objc; path = PullRequest.m; sourceTree = "<group>"; };
		94BCF2D1150A7375005EA1BD /* PullRequestListTableViewController.h */ = {isa = PBXFileReference; fileEncoding = 4; lastKnownFileType = sourcecode.c.h; path = PullRequestListTableViewController.h; sourceTree = "<group>"; };
		94BCF2D2150A7375005EA1BD /* PullRequestListTableViewController.m */ = {isa = PBXFileReference; fileEncoding = 4; lastKnownFileType = sourcecode.c.objc; path = PullRequestListTableViewController.m; sourceTree = "<group>"; };
		94BCF2DE150B5430005EA1BD /* PullRequestTableViewController.h */ = {isa = PBXFileReference; fileEncoding = 4; lastKnownFileType = sourcecode.c.h; path = PullRequestTableViewController.h; sourceTree = "<group>"; };
		94BCF2DF150B5430005EA1BD /* PullRequestTableViewController.m */ = {isa = PBXFileReference; fileEncoding = 4; lastKnownFileType = sourcecode.c.objc; path = PullRequestTableViewController.m; sourceTree = "<group>"; };
		94BE828D15F543B50017346E /* NSDictionary+RPJSONObjectAccess.h */ = {isa = PBXFileReference; fileEncoding = 4; lastKnownFileType = sourcecode.c.h; path = "NSDictionary+RPJSONObjectAccess.h"; sourceTree = "<group>"; };
		94BE828E15F543B50017346E /* NSDictionary+RPJSONObjectAccess.m */ = {isa = PBXFileReference; fileEncoding = 4; lastKnownFileType = sourcecode.c.objc; path = "NSDictionary+RPJSONObjectAccess.m"; sourceTree = "<group>"; };
		94C0602614CE174600E28C5F /* GitObject.h */ = {isa = PBXFileReference; fileEncoding = 4; lastKnownFileType = sourcecode.c.h; path = GitObject.h; sourceTree = "<group>"; };
		94C2F9F9158CBE070006640F /* RPFlickViewController.h */ = {isa = PBXFileReference; lastKnownFileType = sourcecode.c.h; path = RPFlickViewController.h; sourceTree = "<group>"; };
		94C2F9FA158CBE070006640F /* RPFlickViewController.m */ = {isa = PBXFileReference; lastKnownFileType = sourcecode.c.objc; path = RPFlickViewController.m; sourceTree = "<group>"; };
		94C2F9FB158CBEDF0006640F /* QuartzCore.framework */ = {isa = PBXFileReference; lastKnownFileType = wrapper.framework; name = QuartzCore.framework; path = System/Library/Frameworks/QuartzCore.framework; sourceTree = SDKROOT; };
		94C6566B15025FAD00E85813 /* UITableViewCell+GithubEvent.h */ = {isa = PBXFileReference; fileEncoding = 4; lastKnownFileType = sourcecode.c.h; path = "UITableViewCell+GithubEvent.h"; sourceTree = "<group>"; };
		94C6566C15025FAD00E85813 /* UITableViewCell+GithubEvent.m */ = {isa = PBXFileReference; fileEncoding = 4; lastKnownFileType = sourcecode.c.objc; path = "UITableViewCell+GithubEvent.m"; sourceTree = "<group>"; };
		94C6566F1503727D00E85813 /* UITableViewCell+Person.h */ = {isa = PBXFileReference; fileEncoding = 4; lastKnownFileType = sourcecode.c.h; path = "UITableViewCell+Person.h"; sourceTree = "<group>"; };
		94C656701503727D00E85813 /* UITableViewCell+Person.m */ = {isa = PBXFileReference; fileEncoding = 4; lastKnownFileType = sourcecode.c.objc; path = "UITableViewCell+Person.m"; sourceTree = "<group>"; };
		94C8AE73160385900026FD9E /* Default-568h@2x.png */ = {isa = PBXFileReference; lastKnownFileType = image.png; path = "Default-568h@2x.png"; sourceTree = "<group>"; };
		94C8AE7516038C540026FD9E /* CoreText.framework */ = {isa = PBXFileReference; lastKnownFileType = wrapper.framework; name = CoreText.framework; path = System/Library/Frameworks/CoreText.framework; sourceTree = SDKROOT; };
		94CC3C381523B31B00F4B25B /* PersonListTableViewController.h */ = {isa = PBXFileReference; fileEncoding = 4; lastKnownFileType = sourcecode.c.h; path = PersonListTableViewController.h; sourceTree = "<group>"; };
		94CC3C391523B31B00F4B25B /* PersonListTableViewController.m */ = {isa = PBXFileReference; fileEncoding = 4; lastKnownFileType = sourcecode.c.objc; path = PersonListTableViewController.m; sourceTree = "<group>"; };
		94CC3C3A1523B31B00F4B25B /* PersonListTableViewController.xib */ = {isa = PBXFileReference; fileEncoding = 4; lastKnownFileType = file.xib; path = PersonListTableViewController.xib; sourceTree = "<group>"; };
		94CCEDF615951AF700D5D810 /* EventRootViewController.h */ = {isa = PBXFileReference; fileEncoding = 4; lastKnownFileType = sourcecode.c.h; path = EventRootViewController.h; sourceTree = "<group>"; };
		94CCEDF715951AF700D5D810 /* EventRootViewController.m */ = {isa = PBXFileReference; fileEncoding = 4; lastKnownFileType = sourcecode.c.objc; path = EventRootViewController.m; sourceTree = "<group>"; };
		94D50E0714E472D6000C92E2 /* EventTableViewController.h */ = {isa = PBXFileReference; fileEncoding = 4; lastKnownFileType = sourcecode.c.h; path = EventTableViewController.h; sourceTree = "<group>"; };
		94D50E0814E472D6000C92E2 /* EventTableViewController.m */ = {isa = PBXFileReference; fileEncoding = 4; lastKnownFileType = sourcecode.c.objc; path = EventTableViewController.m; sourceTree = "<group>"; };
		94D50E0914E472D6000C92E2 /* EventTableViewController.xib */ = {isa = PBXFileReference; fileEncoding = 4; lastKnownFileType = file.xib; path = EventTableViewController.xib; sourceTree = "<group>"; };
		94D50E0C14E478D7000C92E2 /* GithubEvent.h */ = {isa = PBXFileReference; fileEncoding = 4; lastKnownFileType = sourcecode.c.h; path = GithubEvent.h; sourceTree = "<group>"; };
		94D50E0D14E478D7000C92E2 /* GithubEvent.m */ = {isa = PBXFileReference; fileEncoding = 4; lastKnownFileType = sourcecode.c.objc; path = GithubEvent.m; sourceTree = "<group>"; };
		94E9F5EE151E747100AF5DD2 /* UITableViewCell+Commit.h */ = {isa = PBXFileReference; fileEncoding = 4; lastKnownFileType = sourcecode.c.h; path = "UITableViewCell+Commit.h"; sourceTree = "<group>"; };
		94E9F5EF151E747100AF5DD2 /* UITableViewCell+Commit.m */ = {isa = PBXFileReference; fileEncoding = 4; lastKnownFileType = sourcecode.c.objc; path = "UITableViewCell+Commit.m"; sourceTree = "<group>"; };
		94EF40741543FEAB002FA8B5 /* IssueListViewController.h */ = {isa = PBXFileReference; fileEncoding = 4; lastKnownFileType = sourcecode.c.h; path = IssueListViewController.h; sourceTree = "<group>"; };
		94EF40751543FEAB002FA8B5 /* IssueListViewController.m */ = {isa = PBXFileReference; fileEncoding = 4; lastKnownFileType = sourcecode.c.objc; path = IssueListViewController.m; sourceTree = "<group>"; };
		94EF40761543FEAB002FA8B5 /* IssueListViewController.xib */ = {isa = PBXFileReference; fileEncoding = 4; lastKnownFileType = file.xib; path = IssueListViewController.xib; sourceTree = "<group>"; };
		94EF407915440079002FA8B5 /* Issue.h */ = {isa = PBXFileReference; fileEncoding = 4; lastKnownFileType = sourcecode.c.h; path = Issue.h; sourceTree = "<group>"; };
		94EF407A15440079002FA8B5 /* Issue.m */ = {isa = PBXFileReference; fileEncoding = 4; lastKnownFileType = sourcecode.c.objc; path = Issue.m; sourceTree = "<group>"; };
		94F78EEC1511FCBE0066A3E0 /* PullRequestCommentViewController.h */ = {isa = PBXFileReference; fileEncoding = 4; lastKnownFileType = sourcecode.c.h; path = PullRequestCommentViewController.h; sourceTree = "<group>"; };
		94F78EED1511FCBE0066A3E0 /* PullRequestCommentViewController.m */ = {isa = PBXFileReference; fileEncoding = 4; lastKnownFileType = sourcecode.c.objc; path = PullRequestCommentViewController.m; sourceTree = "<group>"; };
		94F78EEF15120F480066A3E0 /* PullRequestAddCommentViewController.xib */ = {isa = PBXFileReference; fileEncoding = 4; lastKnownFileType = file.xib; path = PullRequestAddCommentViewController.xib; sourceTree = "<group>"; };
		94FAB638152F32EC00C89D7C /* CommitComment.h */ = {isa = PBXFileReference; fileEncoding = 4; lastKnownFileType = sourcecode.c.h; path = CommitComment.h; sourceTree = "<group>"; };
		94FAB639152F32EC00C89D7C /* CommitComment.m */ = {isa = PBXFileReference; fileEncoding = 4; lastKnownFileType = sourcecode.c.objc; path = CommitComment.m; sourceTree = "<group>"; };
		94FAB6401530E6C400C89D7C /* Comment@2x.png */ = {isa = PBXFileReference; lastKnownFileType = image.png; path = "Comment@2x.png"; sourceTree = "<group>"; };
		94FAB6421530E91F00C89D7C /* Comment.png */ = {isa = PBXFileReference; lastKnownFileType = image.png; path = Comment.png; sourceTree = "<group>"; };
		94FAB6461531A2A400C89D7C /* background.png */ = {isa = PBXFileReference; lastKnownFileType = image.png; path = background.png; sourceTree = "<group>"; };
		94FAB6481531A2FA00C89D7C /* background@2x.png */ = {isa = PBXFileReference; lastKnownFileType = image.png; path = "background@2x.png"; sourceTree = "<group>"; };
		94FAB64E1532359D00C89D7C /* settings.png */ = {isa = PBXFileReference; lastKnownFileType = image.png; path = settings.png; sourceTree = "<group>"; };
		94FAB64F1532359D00C89D7C /* settings@2x.png */ = {isa = PBXFileReference; lastKnownFileType = image.png; path = "settings@2x.png"; sourceTree = "<group>"; };
		94FAB65A15337F8400C89D7C /* en */ = {isa = PBXFileReference; lastKnownFileType = text.plist.strings; name = en; path = InfoPlist.strings; sourceTree = "<group>"; };
		94FAB65C15337F8400C89D7C /* en */ = {isa = PBXFileReference; lastKnownFileType = text.plist.strings; name = en; path = Localizable.strings; sourceTree = "<group>"; };
/* End PBXFileReference section */

/* Begin PBXFrameworksBuildPhase section */
		949FB12C14B3327800D3E713 /* Frameworks */ = {
			isa = PBXFrameworksBuildPhase;
			buildActionMask = 2147483647;
			files = (
				94C8AE7616038C540026FD9E /* CoreText.framework in Frameworks */,
				940AF862159BAD7200F8A5EB /* MessageUI.framework in Frameworks */,
				940AF85F159B7A8A00F8A5EB /* Twitter.framework in Frameworks */,
				94C2F9FC158CBEDF0006640F /* QuartzCore.framework in Frameworks */,
				949FB13414B3327800D3E713 /* UIKit.framework in Frameworks */,
				949FB13614B3327800D3E713 /* Foundation.framework in Frameworks */,
				949FB13814B3327800D3E713 /* CoreGraphics.framework in Frameworks */,
			);
			runOnlyForDeploymentPostprocessing = 0;
		};
/* End PBXFrameworksBuildPhase section */

/* Begin PBXGroup section */
		9402273E14C1A0D10036A676 /* CommitFile */ = {
			isa = PBXGroup;
			children = (
				94FAB6421530E91F00C89D7C /* Comment.png */,
				94FAB6401530E6C400C89D7C /* Comment@2x.png */,
				9402273A14C167260036A676 /* CommitFile.h */,
				9402273B14C167260036A676 /* CommitFile.m */,
				9404B4FA150CB38E0077BA8E /* UITableViewCell+CommitFile.h */,
				9404B4FB150CB38E0077BA8E /* UITableViewCell+CommitFile.m */,
			);
			name = CommitFile;
			sourceTree = "<group>";
		};
		940339931528A423004ABDDD /* Search */ = {
			isa = PBXGroup;
			children = (
				940339941528A43F004ABDDD /* SearchTableViewController.h */,
				940339951528A43F004ABDDD /* SearchTableViewController.m */,
				940339961528A43F004ABDDD /* SearchTableViewController.xib */,
			);
			name = Search;
			sourceTree = "<group>";
		};
		9424DE4D14B9D95000B6538E /* Settings */ = {
			isa = PBXGroup;
			children = (
				94FAB64E1532359D00C89D7C /* settings.png */,
				94FAB64F1532359D00C89D7C /* settings@2x.png */,
				9424DE4F14B9D97300B6538E /* SettingsViewController.h */,
				9424DE5014B9D97300B6538E /* SettingsViewController.m */,
				9424DE5114B9D97300B6538E /* SettingsViewController.xib */,
				9424DE5414B9FEDF00B6538E /* Settings.h */,
				9424DE5514B9FEDF00B6538E /* Settings.m */,
			);
			name = Settings;
			sourceTree = "<group>";
		};
		944D665E151FBEAC002208FB /* Person */ = {
			isa = PBXGroup;
			children = (
				94C6566F1503727D00E85813 /* UITableViewCell+Person.h */,
				94C656701503727D00E85813 /* UITableViewCell+Person.m */,
				946CB2A514B4651700BBFDAD /* Person.h */,
				946CB2A614B4651700BBFDAD /* Person.m */,
				944D6660151FBEDB002208FB /* PersonViewController.h */,
				944D6661151FBEDB002208FB /* PersonViewController.m */,
				944D6663151FC034002208FB /* PersonViewController.xib */,
				94CC3C381523B31B00F4B25B /* PersonListTableViewController.h */,
				94CC3C391523B31B00F4B25B /* PersonListTableViewController.m */,
				94CC3C3A1523B31B00F4B25B /* PersonListTableViewController.xib */,
			);
			name = Person;
			sourceTree = "<group>";
		};
		945FE32014B8BA7E0099FD84 /* General Data Structures */ = {
			isa = PBXGroup;
			children = (
				945FE31C14B866F60099FD84 /* StringQueue.h */,
				945FE31D14B866F60099FD84 /* StringQueue.m */,
				945C25F414E86D6F00479D21 /* HistoryList.h */,
				945C25F514E86D6F00479D21 /* HistoryList.m */,
				94BE828D15F543B50017346E /* NSDictionary+RPJSONObjectAccess.h */,
				94BE828E15F543B50017346E /* NSDictionary+RPJSONObjectAccess.m */,
			);
			name = "General Data Structures";
			sourceTree = "<group>";
		};
		9466DBCD14B7AC2200238151 /* Blob */ = {
			isa = PBXGroup;
			children = (
				942CBD6214B607990047F712 /* Blob.h */,
				942CBD6314B607990047F712 /* Blob.m */,
				942CBD6514B6116A0047F712 /* BlobViewController.h */,
				942CBD6614B6116A0047F712 /* BlobViewController.m */,
				942CBD6714B6116A0047F712 /* BlobViewController.xib */,
			);
			name = Blob;
			sourceTree = "<group>";
		};
		9466DBCF14B7AC8700238151 /* Tree */ = {
			isa = PBXGroup;
			children = (
				942CBD5E14B5A1B80047F712 /* Tree.h */,
				942CBD5F14B5A1B80047F712 /* Tree.m */,
				946CB2AC14B48E6000BBFDAD /* TreeViewController.h */,
				946CB2AD14B48E6000BBFDAD /* TreeViewController.m */,
				946CB2AE14B48E6000BBFDAD /* TreeViewController.xib */,
				945271C314D74A3100F5610D /* UITreeRootViewController.h */,
				945271C414D74A3100F5610D /* UITreeRootViewController.m */,
			);
			name = Tree;
			sourceTree = "<group>";
		};
		9466DBD014B7AC9D00238151 /* Repository */ = {
			isa = PBXGroup;
			children = (
				942130C214B455C000969D38 /* Repository.h */,
				942130C314B455C000969D38 /* Repository.m */,
				9435DC2314C935D800E0B15B /* CommitHistoryList.m */,
				9435DC2214C935D800E0B15B /* CommitHistoryList.h */,
				94B9880514B72986007AA6A6 /* RepositoryViewController.h */,
				94B9880614B72986007AA6A6 /* RepositoryViewController.m */,
				94B9880714B72986007AA6A6 /* RepositoryViewController.xib */,
				94435C0E14B772BB0037CF87 /* BranchesBrowserViewController.h */,
				94435C0F14B772BB0037CF87 /* BranchesBrowserViewController.m */,
				94435C1014B772BB0037CF87 /* BranchesBrowserViewController.xib */,
				945271B814D5813B00F5610D /* UIRepositoryRootViewController.h */,
				945271B914D5813B00F5610D /* UIRepositoryRootViewController.m */,
				940339991528B4C6004ABDDD /* UITableViewCell+Repository.h */,
				9403399A1528B4C6004ABDDD /* UITableViewCell+Repository.m */,
				9403399C1528C8D5004ABDDD /* RepositoryListViewController.h */,
				9403399D1528C8D5004ABDDD /* RepositoryListViewController.m */,
				9403399E1528C8D5004ABDDD /* RepositoryListViewController.xib */,
			);
			name = Repository;
			sourceTree = "<group>";
		};
		9466DBD114B7ACBC00238151 /* Branch */ = {
			isa = PBXGroup;
			children = (
				9466DBD214B7ACCD00238151 /* Branch.h */,
				9466DBD314B7ACCD00238151 /* Branch.m */,
				9466DBD614B7B77800238151 /* BranchViewController.h */,
				9466DBD714B7B77800238151 /* BranchViewController.m */,
				9466DBD814B7B77800238151 /* BranchViewController.xib */,
			);
			name = Branch;
			sourceTree = "<group>";
		};
		9466DBD514B7AD6300238151 /* Commit */ = {
			isa = PBXGroup;
			children = (
				946CB2A914B4796000BBFDAD /* Commit.h */,
				946CB2AA14B4796000BBFDAD /* Commit.m */,
				94A12FD614BB972A00453774 /* CommitViewController.h */,
				94A12FD714BB972A00453774 /* CommitViewController.m */,
				94A12FD814BB972A00453774 /* CommitViewController.xib */,
				94E9F5EE151E747100AF5DD2 /* UITableViewCell+Commit.h */,
				94E9F5EF151E747100AF5DD2 /* UITableViewCell+Commit.m */,
				94FAB638152F32EC00C89D7C /* CommitComment.h */,
				94FAB639152F32EC00C89D7C /* CommitComment.m */,
			);
			name = Commit;
			sourceTree = "<group>";
		};
		947B76BD1618518E00E9A9A3 /* Activities */ = {
			isa = PBXGroup;
			children = (
				947B76BF1618523500E9A9A3 /* RPOpenInSafariActivity.h */,
				947B76C01618523500E9A9A3 /* RPOpenInSafariActivity.m */,
				947B76C916187CAB00E9A9A3 /* RPFollowPersonActivity.h */,
				947B76CA16187CAB00E9A9A3 /* RPFollowPersonActivity.m */,
				947B76E7161C7AB300E9A9A3 /* RPShowObjectHistoryActivity.h */,
				947B76E8161C7AB300E9A9A3 /* RPShowObjectHistoryActivity.m */,
			);
			name = Activities;
			sourceTree = "<group>";
		};
		949FB12414B3327700D3E713 = {
			isa = PBXGroup;
			children = (
				94C8AE7516038C540026FD9E /* CoreText.framework */,
				940AF861159BAD7200F8A5EB /* MessageUI.framework */,
				940AF85E159B7A8A00F8A5EB /* Twitter.framework */,
				94C2F9FB158CBEDF0006640F /* QuartzCore.framework */,
				949FB13914B3327800D3E713 /* Github To Go */,
				949FB13214B3327800D3E713 /* Frameworks */,
				949FB13014B3327800D3E713 /* Products */,
			);
			sourceTree = "<group>";
		};
		949FB13014B3327800D3E713 /* Products */ = {
			isa = PBXGroup;
			children = (
				949FB12F14B3327800D3E713 /* Hub To Go.app */,
			);
			name = Products;
			sourceTree = "<group>";
		};
		949FB13214B3327800D3E713 /* Frameworks */ = {
			isa = PBXGroup;
			children = (
				949FB13314B3327800D3E713 /* UIKit.framework */,
				949FB13514B3327800D3E713 /* Foundation.framework */,
				949FB13714B3327800D3E713 /* CoreGraphics.framework */,
			);
			name = Frameworks;
			sourceTree = "<group>";
		};
		949FB13914B3327800D3E713 /* Github To Go */ = {
			isa = PBXGroup;
			children = (
				947B76BD1618518E00E9A9A3 /* Activities */,
				94FAB65815337F8200C89D7C /* en.lproj */,
				94FAB6461531A2A400C89D7C /* background.png */,
				94FAB6481531A2FA00C89D7C /* background@2x.png */,
				940339931528A423004ABDDD /* Search */,
				949F506D151D2704009D5DC3 /* Hub To Go.entitlements */,
				941FCF8B150E1A5C0046F72F /* Icon@2x.png */,
				941FCF89150E18A10046F72F /* Icon.png */,
				94EF406D1543FE4D002FA8B5 /* Issues */,
				94BCF2CC150A7037005EA1BD /* PullRequest */,
				94D50E0514E472B9000C92E2 /* Events */,
				9402273E14C1A0D10036A676 /* CommitFile */,
				9424DE4D14B9D95000B6538E /* Settings */,
				9466DBD114B7ACBC00238151 /* Branch */,
				9466DBCD14B7AC2200238151 /* Blob */,
				9466DBCF14B7AC8700238151 /* Tree */,
				945FE32014B8BA7E0099FD84 /* General Data Structures */,
				9466DBD014B7AC9D00238151 /* Repository */,
				9466DBD514B7AD6300238151 /* Commit */,
				944D665E151FBEAC002208FB /* Person */,
				942130BE14B455C000969D38 /* NetworkProxy.h */,
				942130BF14B455C000969D38 /* NetworkProxy.m */,
				942130C014B455C000969D38 /* RepoBrowserTableViewController.h */,
				942130C114B455C000969D38 /* RepoBrowserTableViewController.m */,
				942130C814B4584B00969D38 /* RepoBrowserTableViewController.xib */,
				94AB82261534CC51008E0FE7 /* img */,
				949DB8CE14F1522D000BE743 /* RepositoryStorage.h */,
				949DB8CF14F1522D000BE743 /* RepositoryStorage.m */,
				949F506F151E4EF5009D5DC3 /* NSString+ISO8601Parsing.h */,
				949F5070151E4EF5009D5DC3 /* NSString+ISO8601Parsing.m */,
				94C2F9F9158CBE070006640F /* RPFlickViewController.h */,
				94C2F9FA158CBE070006640F /* RPFlickViewController.m */,
				941C052815A03FF1009B772A /* RPShareUrlController.h */,
				941C052915A03FF1009B772A /* RPShareUrlController.m */,
				949FB14214B3327800D3E713 /* AppDelegate.h */,
				949FB14314B3327800D3E713 /* AppDelegate.m */,
				949FB14814B3327800D3E713 /* first.png */,
				949FB14A14B3327800D3E713 /* first@2x.png */,
				949FB14F14B3327800D3E713 /* second.png */,
				949FB15114B3327800D3E713 /* second@2x.png */,
				949FB13A14B3327800D3E713 /* Supporting Files */,
				9445E35914B6198300BB929C /* NSData+Base64.h */,
				9445E35A14B6198300BB929C /* NSData+Base64.m */,
				94C0602614CE174600E28C5F /* GitObject.h */,
				9491EE3C151658550050C424 /* PullToRefreshTableViewController.h */,
				9491EE3D151658550050C424 /* PullToRefreshTableViewController.m */,
			);
			path = "Github To Go";
			sourceTree = "<group>";
		};
		949FB13A14B3327800D3E713 /* Supporting Files */ = {
			isa = PBXGroup;
			children = (
				949FB13B14B3327800D3E713 /* Hub To Go-Info.plist */,
				949FB13C14B3327800D3E713 /* InfoPlist.strings */,
				949FB13F14B3327800D3E713 /* main.m */,
				949FB14114B3327800D3E713 /* Hub To Go-Prefix.pch */,
			);
			name = "Supporting Files";
			sourceTree = "<group>";
		};
		94AB82261534CC51008E0FE7 /* img */ = {
			isa = PBXGroup;
			children = (
				947B76EA161C846100E9A9A3 /* history.png */,
				947B76EB161C846100E9A9A3 /* history@2x.png */,
				947B76E2161C731200E9A9A3 /* openinsafari.png */,
				947B76E3161C731200E9A9A3 /* openinsafari@2x.png */,
				947B76DA161C6FA000E9A9A3 /* unfollow.png */,
				947B76DB161C6FA000E9A9A3 /* unfollow@2x.png */,
				947B76D5161C6E7300E9A9A3 /* follow.png */,
				947B76D6161C6E7300E9A9A3 /* follow@2x.png */,
				94C8AE73160385900026FD9E /* Default-568h@2x.png */,
				94AB822C1534CE8A008E0FE7 /* default.png */,
				94AB82281534CC66008E0FE7 /* default@2x.png */,
			);
			name = img;
			sourceTree = "<group>";
		};
		94BCF2CC150A7037005EA1BD /* PullRequest */ = {
			isa = PBXGroup;
			children = (
				94BCF2CE150A7050005EA1BD /* PullRequest.h */,
				94BCF2CF150A7050005EA1BD /* PullRequest.m */,
				94BCF2D1150A7375005EA1BD /* PullRequestListTableViewController.h */,
				94BCF2D2150A7375005EA1BD /* PullRequestListTableViewController.m */,
				94BCF2DE150B5430005EA1BD /* PullRequestTableViewController.h */,
				94BCF2DF150B5430005EA1BD /* PullRequestTableViewController.m */,
				9404B4FE150CE6F70077BA8E /* UITableViewCell+PullRequest.h */,
				9404B4FF150CE6F70077BA8E /* UITableViewCell+PullRequest.m */,
				941FCF91150EAD1A0046F72F /* PullRequestRootViewController.h */,
				941FCF92150EAD1A0046F72F /* PullRequestRootViewController.m */,
				941FCF971510980E0046F72F /* PullRequestReviewTableViewController.h */,
				941FCF981510980E0046F72F /* PullRequestReviewTableViewController.m */,
				94F78EEC1511FCBE0066A3E0 /* PullRequestCommentViewController.h */,
				94F78EED1511FCBE0066A3E0 /* PullRequestCommentViewController.m */,
				946045E61512465000C2E44D /* PullRequestCommentViewController.xib */,
				94F78EEF15120F480066A3E0 /* PullRequestAddCommentViewController.xib */,
			);
			name = PullRequest;
			sourceTree = "<group>";
		};
		94D50E0514E472B9000C92E2 /* Events */ = {
			isa = PBXGroup;
			children = (
				94D50E0714E472D6000C92E2 /* EventTableViewController.h */,
				94D50E0814E472D6000C92E2 /* EventTableViewController.m */,
				94D50E0914E472D6000C92E2 /* EventTableViewController.xib */,
				94D50E0C14E478D7000C92E2 /* GithubEvent.h */,
				94D50E0D14E478D7000C92E2 /* GithubEvent.m */,
				94C6566B15025FAD00E85813 /* UITableViewCell+GithubEvent.h */,
				94C6566C15025FAD00E85813 /* UITableViewCell+GithubEvent.m */,
				94CCEDF615951AF700D5D810 /* EventRootViewController.h */,
				94CCEDF715951AF700D5D810 /* EventRootViewController.m */,
			);
			name = Events;
			sourceTree = "<group>";
		};
		94EF406D1543FE4D002FA8B5 /* Issues */ = {
			isa = PBXGroup;
			children = (
				94EF40741543FEAB002FA8B5 /* IssueListViewController.h */,
				94EF40751543FEAB002FA8B5 /* IssueListViewController.m */,
				94EF40761543FEAB002FA8B5 /* IssueListViewController.xib */,
				94EF407915440079002FA8B5 /* Issue.h */,
				94EF407A15440079002FA8B5 /* Issue.m */,
				94AB35B1158A8FFF00FFE1C6 /* IssueViewController.h */,
				94AB35B2158A8FFF00FFE1C6 /* IssueViewController.m */,
				949FB50E158E6855009EB750 /* IssueRootViewController.h */,
				949FB50F158E6855009EB750 /* IssueRootViewController.m */,
			);
			name = Issues;
			sourceTree = "<group>";
		};
		94FAB65815337F8200C89D7C /* en.lproj */ = {
			isa = PBXGroup;
			children = (
				94FAB65915337F8400C89D7C /* InfoPlist.strings */,
				94FAB65B15337F8400C89D7C /* Localizable.strings */,
			);
			path = en.lproj;
			sourceTree = "<group>";
		};
/* End PBXGroup section */

/* Begin PBXNativeTarget section */
		949FB12E14B3327800D3E713 /* Hub To Go */ = {
			isa = PBXNativeTarget;
			buildConfigurationList = 949FB15B14B3327800D3E713 /* Build configuration list for PBXNativeTarget "Hub To Go" */;
			buildPhases = (
				949FB12B14B3327800D3E713 /* Sources */,
				949FB12C14B3327800D3E713 /* Frameworks */,
				949FB12D14B3327800D3E713 /* Resources */,
			);
			buildRules = (
			);
			dependencies = (
			);
			name = "Hub To Go";
			productName = "Github To Go";
			productReference = 949FB12F14B3327800D3E713 /* Hub To Go.app */;
			productType = "com.apple.product-type.application";
		};
/* End PBXNativeTarget section */

/* Begin PBXProject section */
		949FB12614B3327700D3E713 /* Project object */ = {
			isa = PBXProject;
			attributes = {
				LastUpgradeCheck = 0450;
			};
			buildConfigurationList = 949FB12914B3327700D3E713 /* Build configuration list for PBXProject "Hub To Go" */;
			compatibilityVersion = "Xcode 3.2";
			developmentRegion = English;
			hasScannedForEncodings = 0;
			knownRegions = (
				en,
				de,
			);
			mainGroup = 949FB12414B3327700D3E713;
			productRefGroup = 949FB13014B3327800D3E713 /* Products */;
			projectDirPath = "";
			projectRoot = "";
			targets = (
				949FB12E14B3327800D3E713 /* Hub To Go */,
			);
		};
/* End PBXProject section */

/* Begin PBXResourcesBuildPhase section */
		949FB12D14B3327800D3E713 /* Resources */ = {
			isa = PBXResourcesBuildPhase;
			buildActionMask = 2147483647;
			files = (
				949FB13E14B3327800D3E713 /* InfoPlist.strings in Resources */,
				949FB14914B3327800D3E713 /* first.png in Resources */,
				949FB14B14B3327800D3E713 /* first@2x.png in Resources */,
				949FB15014B3327800D3E713 /* second.png in Resources */,
				949FB15214B3327800D3E713 /* second@2x.png in Resources */,
				942130C914B4584B00969D38 /* RepoBrowserTableViewController.xib in Resources */,
				946CB2B014B48E6000BBFDAD /* TreeViewController.xib in Resources */,
				942CBD6914B6116A0047F712 /* BlobViewController.xib in Resources */,
				94B9880914B72986007AA6A6 /* RepositoryViewController.xib in Resources */,
				94435C1214B772BB0037CF87 /* BranchesBrowserViewController.xib in Resources */,
				9466DBDA14B7B77800238151 /* BranchViewController.xib in Resources */,
				9424DE5314B9D97300B6538E /* SettingsViewController.xib in Resources */,
				94A12FDA14BB972A00453774 /* CommitViewController.xib in Resources */,
				94D50E0B14E472D6000C92E2 /* EventTableViewController.xib in Resources */,
				941FCF8A150E18A10046F72F /* Icon.png in Resources */,
				941FCF8C150E1A5C0046F72F /* Icon@2x.png in Resources */,
				94F78EF015120F490066A3E0 /* PullRequestAddCommentViewController.xib in Resources */,
				946045E71512465000C2E44D /* PullRequestCommentViewController.xib in Resources */,
				944D6664151FC034002208FB /* PersonViewController.xib in Resources */,
				94CC3C3C1523B31B00F4B25B /* PersonListTableViewController.xib in Resources */,
				940339981528A43F004ABDDD /* SearchTableViewController.xib in Resources */,
				940339A01528C8D5004ABDDD /* RepositoryListViewController.xib in Resources */,
				94FAB6411530E6C400C89D7C /* Comment@2x.png in Resources */,
				94FAB6431530E91F00C89D7C /* Comment.png in Resources */,
				94FAB6471531A2A500C89D7C /* background.png in Resources */,
				94FAB6491531A2FE00C89D7C /* background@2x.png in Resources */,
				94FAB6501532359D00C89D7C /* settings.png in Resources */,
				94FAB6511532359D00C89D7C /* settings@2x.png in Resources */,
				94FAB65F15337F8400C89D7C /* InfoPlist.strings in Resources */,
				94FAB66015337F8400C89D7C /* Localizable.strings in Resources */,
				94AB82291534CC66008E0FE7 /* default@2x.png in Resources */,
				94AB822D1534CE8A008E0FE7 /* default.png in Resources */,
				94EF40781543FEAB002FA8B5 /* IssueListViewController.xib in Resources */,
				94C8AE74160385900026FD9E /* Default-568h@2x.png in Resources */,
				947B76D7161C6E7300E9A9A3 /* follow.png in Resources */,
				947B76D8161C6E7300E9A9A3 /* follow@2x.png in Resources */,
				947B76DC161C6FA000E9A9A3 /* unfollow.png in Resources */,
				947B76DD161C6FA000E9A9A3 /* unfollow@2x.png in Resources */,
				947B76E4161C731200E9A9A3 /* openinsafari.png in Resources */,
				947B76E5161C731200E9A9A3 /* openinsafari@2x.png in Resources */,
				947B76EC161C846100E9A9A3 /* history.png in Resources */,
				947B76ED161C846100E9A9A3 /* history@2x.png in Resources */,
			);
			runOnlyForDeploymentPostprocessing = 0;
		};
/* End PBXResourcesBuildPhase section */

/* Begin PBXSourcesBuildPhase section */
		949FB12B14B3327800D3E713 /* Sources */ = {
			isa = PBXSourcesBuildPhase;
			buildActionMask = 2147483647;
			files = (
				94C2F9FD158CBFE40006640F /* RPFlickViewController.m in Sources */,
				949FB14014B3327800D3E713 /* main.m in Sources */,
				949FB14414B3327800D3E713 /* AppDelegate.m in Sources */,
				942130C414B455C000969D38 /* NetworkProxy.m in Sources */,
				942130C514B455C000969D38 /* RepoBrowserTableViewController.m in Sources */,
				942130C614B455C000969D38 /* Repository.m in Sources */,
				946CB2A714B4651700BBFDAD /* Person.m in Sources */,
				946CB2AB14B4796000BBFDAD /* Commit.m in Sources */,
				946CB2AF14B48E6000BBFDAD /* TreeViewController.m in Sources */,
				942CBD6014B5A1B80047F712 /* Tree.m in Sources */,
				942CBD6414B607990047F712 /* Blob.m in Sources */,
				942CBD6814B6116A0047F712 /* BlobViewController.m in Sources */,
				9445E35B14B6198300BB929C /* NSData+Base64.m in Sources */,
				94B9880814B72986007AA6A6 /* RepositoryViewController.m in Sources */,
				94435C1114B772BB0037CF87 /* BranchesBrowserViewController.m in Sources */,
				9466DBD414B7ACCD00238151 /* Branch.m in Sources */,
				9466DBD914B7B77800238151 /* BranchViewController.m in Sources */,
				945FE31E14B866F60099FD84 /* StringQueue.m in Sources */,
				9424DE5214B9D97300B6538E /* SettingsViewController.m in Sources */,
				9424DE5614B9FEDF00B6538E /* Settings.m in Sources */,
				94A12FD914BB972A00453774 /* CommitViewController.m in Sources */,
				9402273C14C167260036A676 /* CommitFile.m in Sources */,
				9435DC2414C935D800E0B15B /* CommitHistoryList.m in Sources */,
				945271BB14D5813B00F5610D /* UIRepositoryRootViewController.m in Sources */,
				945271C614D74A3100F5610D /* UITreeRootViewController.m in Sources */,
				94D50E0A14E472D6000C92E2 /* EventTableViewController.m in Sources */,
				94D50E0E14E478D7000C92E2 /* GithubEvent.m in Sources */,
				945C25F614E86D6F00479D21 /* HistoryList.m in Sources */,
				949DB8D014F1522D000BE743 /* RepositoryStorage.m in Sources */,
				94C6566D15025FAD00E85813 /* UITableViewCell+GithubEvent.m in Sources */,
				94C656711503727D00E85813 /* UITableViewCell+Person.m in Sources */,
				94BCF2D0150A7050005EA1BD /* PullRequest.m in Sources */,
				94BCF2D4150A7375005EA1BD /* PullRequestListTableViewController.m in Sources */,
				94BCF2E1150B5430005EA1BD /* PullRequestTableViewController.m in Sources */,
				9404B4FC150CB38E0077BA8E /* UITableViewCell+CommitFile.m in Sources */,
				9404B500150CE6F70077BA8E /* UITableViewCell+PullRequest.m in Sources */,
				941FCF94150EAD1A0046F72F /* PullRequestRootViewController.m in Sources */,
				941FCF991510980E0046F72F /* PullRequestReviewTableViewController.m in Sources */,
				94F78EEE1511FCBE0066A3E0 /* PullRequestCommentViewController.m in Sources */,
				9491EE3E151658550050C424 /* PullToRefreshTableViewController.m in Sources */,
				949F5071151E4EF5009D5DC3 /* NSString+ISO8601Parsing.m in Sources */,
				94E9F5F0151E747100AF5DD2 /* UITableViewCell+Commit.m in Sources */,
				944D6662151FBEDB002208FB /* PersonViewController.m in Sources */,
				94CC3C3B1523B31B00F4B25B /* PersonListTableViewController.m in Sources */,
				940339971528A43F004ABDDD /* SearchTableViewController.m in Sources */,
				9403399B1528B4C6004ABDDD /* UITableViewCell+Repository.m in Sources */,
				9403399F1528C8D5004ABDDD /* RepositoryListViewController.m in Sources */,
				94FAB63A152F32EC00C89D7C /* CommitComment.m in Sources */,
				94EF40771543FEAB002FA8B5 /* IssueListViewController.m in Sources */,
				94EF407B15440079002FA8B5 /* Issue.m in Sources */,
				94AB35B3158A8FFF00FFE1C6 /* IssueViewController.m in Sources */,
				949FB510158E6855009EB750 /* IssueRootViewController.m in Sources */,
				94CCEDF815951AF700D5D810 /* EventRootViewController.m in Sources */,
				941C052A15A03FF1009B772A /* RPShareUrlController.m in Sources */,
				94BE828F15F543B50017346E /* NSDictionary+RPJSONObjectAccess.m in Sources */,
				947B76C11618523500E9A9A3 /* RPOpenInSafariActivity.m in Sources */,
				947B76CB16187CAB00E9A9A3 /* RPFollowPersonActivity.m in Sources */,
				947B76E9161C7AB300E9A9A3 /* RPShowObjectHistoryActivity.m in Sources */,
			);
			runOnlyForDeploymentPostprocessing = 0;
		};
/* End PBXSourcesBuildPhase section */

/* Begin PBXVariantGroup section */
		949FB13C14B3327800D3E713 /* InfoPlist.strings */ = {
			isa = PBXVariantGroup;
			children = (
				949FB13D14B3327800D3E713 /* en */,
			);
			name = InfoPlist.strings;
			sourceTree = "<group>";
		};
		94FAB65915337F8400C89D7C /* InfoPlist.strings */ = {
			isa = PBXVariantGroup;
			children = (
				94FAB65A15337F8400C89D7C /* en */,
			);
			name = InfoPlist.strings;
			sourceTree = "<group>";
		};
		94FAB65B15337F8400C89D7C /* Localizable.strings */ = {
			isa = PBXVariantGroup;
			children = (
				94FAB65C15337F8400C89D7C /* en */,
			);
			name = Localizable.strings;
			sourceTree = "<group>";
		};
/* End PBXVariantGroup section */

/* Begin XCBuildConfiguration section */
		949FB15914B3327800D3E713 /* Debug */ = {
			isa = XCBuildConfiguration;
			buildSettings = {
				ALWAYS_SEARCH_USER_PATHS = NO;
				ARCHS = "$(ARCHS_STANDARD_32_BIT)";
				"CODE_SIGN_IDENTITY[sdk=iphoneos*]" = "iPhone Developer";
				COPY_PHASE_STRIP = NO;
				GCC_C_LANGUAGE_STANDARD = gnu99;
				GCC_DYNAMIC_NO_PIC = NO;
				GCC_OPTIMIZATION_LEVEL = 0;
				GCC_PREPROCESSOR_DEFINITIONS = (
					"DEBUG=1",
					"$(inherited)",
				);
				GCC_SYMBOLS_PRIVATE_EXTERN = NO;
				GCC_VERSION = com.apple.compilers.llvm.clang.1_0;
				GCC_WARN_ABOUT_MISSING_PROTOTYPES = YES;
				GCC_WARN_ABOUT_RETURN_TYPE = YES;
				GCC_WARN_UNUSED_VARIABLE = YES;
				IPHONEOS_DEPLOYMENT_TARGET = 5.0;
				SDKROOT = iphoneos;
			};
			name = Debug;
		};
		949FB15A14B3327800D3E713 /* Release */ = {
			isa = XCBuildConfiguration;
			buildSettings = {
				ALWAYS_SEARCH_USER_PATHS = NO;
				ARCHS = "$(ARCHS_STANDARD_32_BIT)";
				"CODE_SIGN_IDENTITY[sdk=iphoneos*]" = "iPhone Distribution: Robert Panzer";
				COPY_PHASE_STRIP = YES;
				GCC_C_LANGUAGE_STANDARD = gnu99;
				GCC_VERSION = com.apple.compilers.llvm.clang.1_0;
				GCC_WARN_ABOUT_MISSING_PROTOTYPES = YES;
				GCC_WARN_ABOUT_RETURN_TYPE = YES;
				GCC_WARN_UNUSED_VARIABLE = YES;
				IPHONEOS_DEPLOYMENT_TARGET = 5.0;
				OTHER_CFLAGS = "-DNS_BLOCK_ASSERTIONS=1";
				"PROVISIONING_PROFILE[sdk=iphoneos*]" = "94C5CFDB-5774-4CA9-B2B7-4E7E55A4DD2E";
				SDKROOT = iphoneos;
				VALIDATE_PRODUCT = YES;
			};
			name = Release;
		};
		949FB15C14B3327800D3E713 /* Debug */ = {
			isa = XCBuildConfiguration;
			buildSettings = {
				CLANG_ENABLE_OBJC_ARC = YES;
				CODE_SIGN_ENTITLEMENTS = "Github To Go/Hub To Go.entitlements";
				GCC_PRECOMPILE_PREFIX_HEADER = YES;
				GCC_PREFIX_HEADER = "Github To Go/Hub To Go-Prefix.pch";
				INFOPLIST_FILE = "Github To Go/Hub To Go-Info.plist";
				IPHONEOS_DEPLOYMENT_TARGET = 5.0;
				PRODUCT_NAME = "Hub To Go";
				WRAPPER_EXTENSION = app;
			};
			name = Debug;
		};
		949FB15D14B3327800D3E713 /* Release */ = {
			isa = XCBuildConfiguration;
			buildSettings = {
				CLANG_ENABLE_OBJC_ARC = YES;
				CODE_SIGN_ENTITLEMENTS = "Github To Go/Hub To Go.entitlements";
				CODE_SIGN_IDENTITY = "iPhone Distribution";
				"CODE_SIGN_IDENTITY[sdk=iphoneos*]" = "iPhone Distribution";
				GCC_PRECOMPILE_PREFIX_HEADER = YES;
				GCC_PREFIX_HEADER = "Github To Go/Hub To Go-Prefix.pch";
				INFOPLIST_FILE = "Github To Go/Hub To Go-Info.plist";
				IPHONEOS_DEPLOYMENT_TARGET = 5.0;
				PRODUCT_NAME = "Hub To Go";
				PROVISIONING_PROFILE = "";
				"PROVISIONING_PROFILE[sdk=iphoneos*]" = "";
				WRAPPER_EXTENSION = app;
			};
			name = Release;
		};
/* End XCBuildConfiguration section */

/* Begin XCConfigurationList section */
		949FB12914B3327700D3E713 /* Build configuration list for PBXProject "Hub To Go" */ = {
			isa = XCConfigurationList;
			buildConfigurations = (
				949FB15914B3327800D3E713 /* Debug */,
				949FB15A14B3327800D3E713 /* Release */,
			);
			defaultConfigurationIsVisible = 0;
			defaultConfigurationName = Release;
		};
		949FB15B14B3327800D3E713 /* Build configuration list for PBXNativeTarget "Hub To Go" */ = {
			isa = XCConfigurationList;
			buildConfigurations = (
				949FB15C14B3327800D3E713 /* Debug */,
				949FB15D14B3327800D3E713 /* Release */,
			);
			defaultConfigurationIsVisible = 0;
			defaultConfigurationName = Release;
		};
/* End XCConfigurationList section */
	};
	rootObject = 949FB12614B3327700D3E713 /* Project object */;
}
